{
  "originHash" : "701b6d1fc64ee99e6cf16bbfa45ab86ab6f202e3558298dfc142c4f8b6464ede",
  "pins" : [
    {
      "identity" : "alamofire",
      "kind" : "remoteSourceControl",
      "location" : "https://github.com/Alamofire/Alamofire",
      "state" : {
        "revision" : "513364f870f6bfc468f9d2ff0a95caccc10044c5",
        "version" : "5.10.2"
      }
    },
    {
      "identity" : "gamefeeddomain",
      "kind" : "remoteSourceControl",
      "location" : "https://github.com/nazaralwi/GameFeedDomain",
      "state" : {
        "branch" : "main",
        "revision" : "e681053bbb1c732ce744e133e06dab3b8e23e19c"
      }
    },
    {
      "identity" : "swinject",
      "kind" : "remoteSourceControl",
      "location" : "https://github.com/Swinject/Swinject",
      "state" : {
        "revision" : "be9dbcc7b86811bc131539a20c6f9c2d3e56919f",
        "version" : "2.9.1"
      }
    },
    {
      "identity" : "swinjectstoryboard",
      "kind" : "remoteSourceControl",
      "location" : "https://github.com/Swinject/SwinjectStoryboard.git",
      "state" : {
        "revision" : "e4498ce2dfe37e1ca9d2d20af06fcc087507561c",
        "version" : "2.2.3"
      }
    }
  ],
  "version" : 3
}
