{
  "originHash" : "59edaa7901f728d0ab53639c5510f0db911569c456718c83702e3f6abc1afafe",
  "pins" : [
    {
      "identity" : "gamefeeddomain",
      "kind" : "remoteSourceControl",
      "location" : "https://github.com/nazaralwi/GameFeedDomain",
      "state" : {
        "branch" : "main",
        "revision" : "a8c7c7a7a86a131dee49552507a2388510d078ba"
      }
    }
  ],
  "version" : 3
}
