{
  "originHash" : "4d628254d569b1dcc709370f6bae946588e738353fdc2bdee4bfba14d87b684e",
  "pins" : [
    {
      "identity" : "alamofire",
      "kind" : "remoteSourceControl",
      "location" : "https://github.com/Alamofire/Alamofire",
      "state" : {
        "revision" : "513364f870f6bfc468f9d2ff0a95caccc10044c5",
        "version" : "5.10.2"
      }
    },
    {
      "identity" : "gamefeeddomain",
      "kind" : "remoteSourceControl",
      "location" : "https://github.com/nazaralwi/GameFeedDomain",
      "state" : {
        "branch" : "main",
        "revision" : "a8c7c7a7a86a131dee49552507a2388510d078ba"
      }
    }
  ],
  "version" : 3
}
