// !$*UTF8*$!
{
	archiveVersion = 1;
	classes = {
	};
	objectVersion = 50;
	objects = {

/* Begin PBXBuildFile section */
		3D19822724D7927700E3AD85 /* DummyGames.swift in Sources */ = {isa = PBXBuildFile; fileRef = 3D19822624D7927700E3AD85 /* DummyGames.swift */; };
		3D19822924D792CE00E3AD85 /* Game.swift in Sources */ = {isa = PBXBuildFile; fileRef = 3D19822824D792CE00E3AD85 /* Game.swift */; };
		3D19823524D7F6B000E3AD85 /* DetailGameViewController.swift in Sources */ = {isa = PBXBuildFile; fileRef = 3D19823424D7F6B000E3AD85 /* DetailGameViewController.swift */; };
		3D4633B72514544700AF1A70 /* Genre.swift in Sources */ = {isa = PBXBuildFile; fileRef = 3D4633B62514544700AF1A70 /* Genre.swift */; };
		3D66CE2E24D8F40200E90636 /* MyProfileViewController.swift in Sources */ = {isa = PBXBuildFile; fileRef = 3D66CE2D24D8F40200E90636 /* MyProfileViewController.swift */; };
		3D66CE3024D8F42300E90636 /* TopGameViewController.swift in Sources */ = {isa = PBXBuildFile; fileRef = 3D66CE2F24D8F42300E90636 /* TopGameViewController.swift */; };
		3D66CE3224D8F43700E90636 /* NewGameViewController.swift in Sources */ = {isa = PBXBuildFile; fileRef = 3D66CE3124D8F43700E90636 /* NewGameViewController.swift */; };
		3D66CE3424D9221900E90636 /* TopGame.swift in Sources */ = {isa = PBXBuildFile; fileRef = 3D66CE3324D9221900E90636 /* TopGame.swift */; };
		3D66CE3624D9223700E90636 /* NewGame.swift in Sources */ = {isa = PBXBuildFile; fileRef = 3D66CE3524D9223700E90636 /* NewGame.swift */; };
		3D75A49A2510AE3C0075C816 /* RAWGClient.swift in Sources */ = {isa = PBXBuildFile; fileRef = 3D75A4992510AE3C0075C816 /* RAWGClient.swift */; };
		3D7D2ABA252972AC00313795 /* Poppins-MediumItalic.ttf in Resources */ = {isa = PBXBuildFile; fileRef = 3D7D2AA82529729D00313795 /* Poppins-MediumItalic.ttf */; };
		3D7D2ABB252972AC00313795 /* Poppins-LightItalic.ttf in Resources */ = {isa = PBXBuildFile; fileRef = 3D7D2AA92529729E00313795 /* Poppins-LightItalic.ttf */; };
		3D7D2ABC252972AC00313795 /* Poppins-Thin.ttf in Resources */ = {isa = PBXBuildFile; fileRef = 3D7D2AAA2529729E00313795 /* Poppins-Thin.ttf */; };
		3D7D2ABD252972AC00313795 /* Poppins-ThinItalic.ttf in Resources */ = {isa = PBXBuildFile; fileRef = 3D7D2AAB2529729F00313795 /* Poppins-ThinItalic.ttf */; };
		3D7D2ABE252972AC00313795 /* Poppins-Italic.ttf in Resources */ = {isa = PBXBuildFile; fileRef = 3D7D2AAC252972A000313795 /* Poppins-Italic.ttf */; };
		3D7D2ABF252972AC00313795 /* Poppins-BoldItalic.ttf in Resources */ = {isa = PBXBuildFile; fileRef = 3D7D2AAD252972A100313795 /* Poppins-BoldItalic.ttf */; };
		3D7D2AC0252972AC00313795 /* Poppins-Regular.ttf in Resources */ = {isa = PBXBuildFile; fileRef = 3D7D2AAE252972A100313795 /* Poppins-Regular.ttf */; };
		3D7D2AC1252972AC00313795 /* Poppins-SemiBold.ttf in Resources */ = {isa = PBXBuildFile; fileRef = 3D7D2AAF252972A300313795 /* Poppins-SemiBold.ttf */; };
		3D7D2AC2252972AC00313795 /* Poppins-ExtraLight.ttf in Resources */ = {isa = PBXBuildFile; fileRef = 3D7D2AB0252972A500313795 /* Poppins-ExtraLight.ttf */; };
		3D7D2AC3252972AC00313795 /* Poppins-ExtraBoldItalic.ttf in Resources */ = {isa = PBXBuildFile; fileRef = 3D7D2AB1252972A600313795 /* Poppins-ExtraBoldItalic.ttf */; };
		3D7D2AC4252972AC00313795 /* Poppins-ExtraLightItalic.ttf in Resources */ = {isa = PBXBuildFile; fileRef = 3D7D2AB2252972A700313795 /* Poppins-ExtraLightItalic.ttf */; };
		3D7D2AC5252972AC00313795 /* Poppins-Bold.ttf in Resources */ = {isa = PBXBuildFile; fileRef = 3D7D2AB3252972A800313795 /* Poppins-Bold.ttf */; };
		3D7D2AC6252972AC00313795 /* Poppins-Medium.ttf in Resources */ = {isa = PBXBuildFile; fileRef = 3D7D2AB4252972A800313795 /* Poppins-Medium.ttf */; };
		3D7D2AC7252972AC00313795 /* Poppins-Light.ttf in Resources */ = {isa = PBXBuildFile; fileRef = 3D7D2AB5252972A900313795 /* Poppins-Light.ttf */; };
		3D7D2AC8252972AC00313795 /* Poppins-Black.ttf in Resources */ = {isa = PBXBuildFile; fileRef = 3D7D2AB6252972AA00313795 /* Poppins-Black.ttf */; };
		3D7D2AC9252972AC00313795 /* Poppins-BlackItalic.ttf in Resources */ = {isa = PBXBuildFile; fileRef = 3D7D2AB7252972AA00313795 /* Poppins-BlackItalic.ttf */; };
		3D7D2ACA252972AC00313795 /* Poppins-ExtraBold.ttf in Resources */ = {isa = PBXBuildFile; fileRef = 3D7D2AB8252972AB00313795 /* Poppins-ExtraBold.ttf */; };
		3D7D2ACB252972AC00313795 /* Poppins-SemiBoldItalic.ttf in Resources */ = {isa = PBXBuildFile; fileRef = 3D7D2AB9252972AC00313795 /* Poppins-SemiBoldItalic.ttf */; };
		3D96B16925119AAD006A3F1D /* GameModel.swift in Sources */ = {isa = PBXBuildFile; fileRef = 3D96B16825119AAD006A3F1D /* GameModel.swift */; };
		3D96B16D2511C25B006A3F1D /* Rating.swift in Sources */ = {isa = PBXBuildFile; fileRef = 3D96B16C2511C25B006A3F1D /* Rating.swift */; };
		3D96B16F2511CAB9006A3F1D /* ESRBRating.swift in Sources */ = {isa = PBXBuildFile; fileRef = 3D96B16E2511CAB9006A3F1D /* ESRBRating.swift */; };
		3D96B1732511CB46006A3F1D /* Platform.swift in Sources */ = {isa = PBXBuildFile; fileRef = 3D96B1722511CB46006A3F1D /* Platform.swift */; };
		3D96B1752511CC5B006A3F1D /* GameResults.swift in Sources */ = {isa = PBXBuildFile; fileRef = 3D96B1742511CC5B006A3F1D /* GameResults.swift */; };
		3D96B1772511D843006A3F1D /* Platforms.swift in Sources */ = {isa = PBXBuildFile; fileRef = 3D96B1762511D843006A3F1D /* Platforms.swift */; };
		3D96B1792511D8E1006A3F1D /* Requirement.swift in Sources */ = {isa = PBXBuildFile; fileRef = 3D96B1782511D8E1006A3F1D /* Requirement.swift */; };
		3DAEDB7F252C8C7B00DFAF14 /* GameDetail.swift in Sources */ = {isa = PBXBuildFile; fileRef = 3DAEDB7E252C8C7B00DFAF14 /* GameDetail.swift */; };
		3DAEDB81252C8D2D00DFAF14 /* Publisher.swift in Sources */ = {isa = PBXBuildFile; fileRef = 3DAEDB80252C8D2D00DFAF14 /* Publisher.swift */; };
		3DD8BA3C252DD453001754C0 /* Endpoints.swift in Sources */ = {isa = PBXBuildFile; fileRef = 3DD8BA3B252DD453001754C0 /* Endpoints.swift */; };
		3DDCDC1224D57B790020AB8E /* GameTableViewCell.swift in Sources */ = {isa = PBXBuildFile; fileRef = 3DDCDC1024D57B790020AB8E /* GameTableViewCell.swift */; };
		3DDCDC1324D57B790020AB8E /* GameTableViewCell.xib in Resources */ = {isa = PBXBuildFile; fileRef = 3DDCDC1124D57B790020AB8E /* GameTableViewCell.xib */; };
		3DEB3552252B46ED0023A31C /* GradientView.swift in Sources */ = {isa = PBXBuildFile; fileRef = 3DEB3551252B46ED0023A31C /* GradientView.swift */; };
		3DF8FD5524D5661C00E64116 /* AppDelegate.swift in Sources */ = {isa = PBXBuildFile; fileRef = 3DF8FD5424D5661C00E64116 /* AppDelegate.swift */; };
		3DF8FD5724D5661C00E64116 /* SceneDelegate.swift in Sources */ = {isa = PBXBuildFile; fileRef = 3DF8FD5624D5661C00E64116 /* SceneDelegate.swift */; };
		3DF8FD5924D5661C00E64116 /* ViewController.swift in Sources */ = {isa = PBXBuildFile; fileRef = 3DF8FD5824D5661C00E64116 /* ViewController.swift */; };
		3DF8FD5C24D5661C00E64116 /* Main.storyboard in Resources */ = {isa = PBXBuildFile; fileRef = 3DF8FD5A24D5661C00E64116 /* Main.storyboard */; };
		3DF8FD5E24D5662200E64116 /* Assets.xcassets in Resources */ = {isa = PBXBuildFile; fileRef = 3DF8FD5D24D5662200E64116 /* Assets.xcassets */; };
		3DF8FD6124D5662200E64116 /* LaunchScreen.storyboard in Resources */ = {isa = PBXBuildFile; fileRef = 3DF8FD5F24D5662200E64116 /* LaunchScreen.storyboard */; };
		3DF8FD6C24D5662200E64116 /* Game_FeedTests.swift in Sources */ = {isa = PBXBuildFile; fileRef = 3DF8FD6B24D5662200E64116 /* Game_FeedTests.swift */; };
		3DF8FD7724D5662200E64116 /* Game_FeedUITests.swift in Sources */ = {isa = PBXBuildFile; fileRef = 3DF8FD7624D5662200E64116 /* Game_FeedUITests.swift */; };
/* End PBXBuildFile section */

/* Begin PBXContainerItemProxy section */
		3DF8FD6824D5662200E64116 /* PBXContainerItemProxy */ = {
			isa = PBXContainerItemProxy;
			containerPortal = 3DF8FD4924D5661C00E64116 /* Project object */;
			proxyType = 1;
			remoteGlobalIDString = 3DF8FD5024D5661C00E64116;
			remoteInfo = "Game Feed";
		};
		3DF8FD7324D5662200E64116 /* PBXContainerItemProxy */ = {
			isa = PBXContainerItemProxy;
			containerPortal = 3DF8FD4924D5661C00E64116 /* Project object */;
			proxyType = 1;
			remoteGlobalIDString = 3DF8FD5024D5661C00E64116;
			remoteInfo = "Game Feed";
		};
/* End PBXContainerItemProxy section */

/* Begin PBXFileReference section */
		3D19822624D7927700E3AD85 /* DummyGames.swift */ = {isa = PBXFileReference; lastKnownFileType = sourcecode.swift; path = DummyGames.swift; sourceTree = "<group>"; };
		3D19822824D792CE00E3AD85 /* Game.swift */ = {isa = PBXFileReference; lastKnownFileType = sourcecode.swift; path = Game.swift; sourceTree = "<group>"; };
		3D19823424D7F6B000E3AD85 /* DetailGameViewController.swift */ = {isa = PBXFileReference; lastKnownFileType = sourcecode.swift; path = DetailGameViewController.swift; sourceTree = "<group>"; };
		3D4633B62514544700AF1A70 /* Genre.swift */ = {isa = PBXFileReference; lastKnownFileType = sourcecode.swift; path = Genre.swift; sourceTree = "<group>"; };
		3D66CE2D24D8F40200E90636 /* MyProfileViewController.swift */ = {isa = PBXFileReference; lastKnownFileType = sourcecode.swift; path = MyProfileViewController.swift; sourceTree = "<group>"; };
		3D66CE2F24D8F42300E90636 /* TopGameViewController.swift */ = {isa = PBXFileReference; lastKnownFileType = sourcecode.swift; path = TopGameViewController.swift; sourceTree = "<group>"; };
		3D66CE3124D8F43700E90636 /* NewGameViewController.swift */ = {isa = PBXFileReference; lastKnownFileType = sourcecode.swift; path = NewGameViewController.swift; sourceTree = "<group>"; };
		3D66CE3324D9221900E90636 /* TopGame.swift */ = {isa = PBXFileReference; lastKnownFileType = sourcecode.swift; path = TopGame.swift; sourceTree = "<group>"; };
		3D66CE3524D9223700E90636 /* NewGame.swift */ = {isa = PBXFileReference; lastKnownFileType = sourcecode.swift; path = NewGame.swift; sourceTree = "<group>"; };
		3D75A4992510AE3C0075C816 /* RAWGClient.swift */ = {isa = PBXFileReference; lastKnownFileType = sourcecode.swift; path = RAWGClient.swift; sourceTree = "<group>"; };
		3D7D2AA82529729D00313795 /* Poppins-MediumItalic.ttf */ = {isa = PBXFileReference; lastKnownFileType = file; path = "Poppins-MediumItalic.ttf"; sourceTree = "<group>"; };
		3D7D2AA92529729E00313795 /* Poppins-LightItalic.ttf */ = {isa = PBXFileReference; lastKnownFileType = file; path = "Poppins-LightItalic.ttf"; sourceTree = "<group>"; };
		3D7D2AAA2529729E00313795 /* Poppins-Thin.ttf */ = {isa = PBXFileReference; lastKnownFileType = file; path = "Poppins-Thin.ttf"; sourceTree = "<group>"; };
		3D7D2AAB2529729F00313795 /* Poppins-ThinItalic.ttf */ = {isa = PBXFileReference; lastKnownFileType = file; path = "Poppins-ThinItalic.ttf"; sourceTree = "<group>"; };
		3D7D2AAC252972A000313795 /* Poppins-Italic.ttf */ = {isa = PBXFileReference; lastKnownFileType = file; path = "Poppins-Italic.ttf"; sourceTree = "<group>"; };
		3D7D2AAD252972A100313795 /* Poppins-BoldItalic.ttf */ = {isa = PBXFileReference; lastKnownFileType = file; path = "Poppins-BoldItalic.ttf"; sourceTree = "<group>"; };
		3D7D2AAE252972A100313795 /* Poppins-Regular.ttf */ = {isa = PBXFileReference; lastKnownFileType = file; path = "Poppins-Regular.ttf"; sourceTree = "<group>"; };
		3D7D2AAF252972A300313795 /* Poppins-SemiBold.ttf */ = {isa = PBXFileReference; lastKnownFileType = file; path = "Poppins-SemiBold.ttf"; sourceTree = "<group>"; };
		3D7D2AB0252972A500313795 /* Poppins-ExtraLight.ttf */ = {isa = PBXFileReference; lastKnownFileType = file; path = "Poppins-ExtraLight.ttf"; sourceTree = "<group>"; };
		3D7D2AB1252972A600313795 /* Poppins-ExtraBoldItalic.ttf */ = {isa = PBXFileReference; lastKnownFileType = file; path = "Poppins-ExtraBoldItalic.ttf"; sourceTree = "<group>"; };
		3D7D2AB2252972A700313795 /* Poppins-ExtraLightItalic.ttf */ = {isa = PBXFileReference; lastKnownFileType = file; path = "Poppins-ExtraLightItalic.ttf"; sourceTree = "<group>"; };
		3D7D2AB3252972A800313795 /* Poppins-Bold.ttf */ = {isa = PBXFileReference; lastKnownFileType = file; path = "Poppins-Bold.ttf"; sourceTree = "<group>"; };
		3D7D2AB4252972A800313795 /* Poppins-Medium.ttf */ = {isa = PBXFileReference; lastKnownFileType = file; path = "Poppins-Medium.ttf"; sourceTree = "<group>"; };
		3D7D2AB5252972A900313795 /* Poppins-Light.ttf */ = {isa = PBXFileReference; lastKnownFileType = file; path = "Poppins-Light.ttf"; sourceTree = "<group>"; };
		3D7D2AB6252972AA00313795 /* Poppins-Black.ttf */ = {isa = PBXFileReference; lastKnownFileType = file; path = "Poppins-Black.ttf"; sourceTree = "<group>"; };
		3D7D2AB7252972AA00313795 /* Poppins-BlackItalic.ttf */ = {isa = PBXFileReference; lastKnownFileType = file; path = "Poppins-BlackItalic.ttf"; sourceTree = "<group>"; };
		3D7D2AB8252972AB00313795 /* Poppins-ExtraBold.ttf */ = {isa = PBXFileReference; lastKnownFileType = file; path = "Poppins-ExtraBold.ttf"; sourceTree = "<group>"; };
		3D7D2AB9252972AC00313795 /* Poppins-SemiBoldItalic.ttf */ = {isa = PBXFileReference; lastKnownFileType = file; path = "Poppins-SemiBoldItalic.ttf"; sourceTree = "<group>"; };
		3D96B16825119AAD006A3F1D /* GameModel.swift */ = {isa = PBXFileReference; lastKnownFileType = sourcecode.swift; path = GameModel.swift; sourceTree = "<group>"; };
		3D96B16C2511C25B006A3F1D /* Rating.swift */ = {isa = PBXFileReference; lastKnownFileType = sourcecode.swift; path = Rating.swift; sourceTree = "<group>"; };
		3D96B16E2511CAB9006A3F1D /* ESRBRating.swift */ = {isa = PBXFileReference; lastKnownFileType = sourcecode.swift; path = ESRBRating.swift; sourceTree = "<group>"; };
		3D96B1722511CB46006A3F1D /* Platform.swift */ = {isa = PBXFileReference; lastKnownFileType = sourcecode.swift; path = Platform.swift; sourceTree = "<group>"; };
		3D96B1742511CC5B006A3F1D /* GameResults.swift */ = {isa = PBXFileReference; lastKnownFileType = sourcecode.swift; path = GameResults.swift; sourceTree = "<group>"; };
		3D96B1762511D843006A3F1D /* Platforms.swift */ = {isa = PBXFileReference; lastKnownFileType = sourcecode.swift; path = Platforms.swift; sourceTree = "<group>"; };
		3D96B1782511D8E1006A3F1D /* Requirement.swift */ = {isa = PBXFileReference; lastKnownFileType = sourcecode.swift; path = Requirement.swift; sourceTree = "<group>"; };
		3DAEDB7E252C8C7B00DFAF14 /* GameDetail.swift */ = {isa = PBXFileReference; lastKnownFileType = sourcecode.swift; path = GameDetail.swift; sourceTree = "<group>"; };
		3DAEDB80252C8D2D00DFAF14 /* Publisher.swift */ = {isa = PBXFileReference; lastKnownFileType = sourcecode.swift; path = Publisher.swift; sourceTree = "<group>"; };
		3DD8BA3B252DD453001754C0 /* Endpoints.swift */ = {isa = PBXFileReference; lastKnownFileType = sourcecode.swift; path = Endpoints.swift; sourceTree = "<group>"; };
		3DDCDC1024D57B790020AB8E /* GameTableViewCell.swift */ = {isa = PBXFileReference; lastKnownFileType = sourcecode.swift; path = GameTableViewCell.swift; sourceTree = "<group>"; };
		3DDCDC1124D57B790020AB8E /* GameTableViewCell.xib */ = {isa = PBXFileReference; lastKnownFileType = file.xib; path = GameTableViewCell.xib; sourceTree = "<group>"; };
		3DEB3551252B46ED0023A31C /* GradientView.swift */ = {isa = PBXFileReference; lastKnownFileType = sourcecode.swift; path = GradientView.swift; sourceTree = "<group>"; };
		3DF8FD5124D5661C00E64116 /* Game Feed.app */ = {isa = PBXFileReference; explicitFileType = wrapper.application; includeInIndex = 0; path = "Game Feed.app"; sourceTree = BUILT_PRODUCTS_DIR; };
		3DF8FD5424D5661C00E64116 /* AppDelegate.swift */ = {isa = PBXFileReference; lastKnownFileType = sourcecode.swift; path = AppDelegate.swift; sourceTree = "<group>"; };
		3DF8FD5624D5661C00E64116 /* SceneDelegate.swift */ = {isa = PBXFileReference; lastKnownFileType = sourcecode.swift; path = SceneDelegate.swift; sourceTree = "<group>"; };
		3DF8FD5824D5661C00E64116 /* ViewController.swift */ = {isa = PBXFileReference; lastKnownFileType = sourcecode.swift; path = ViewController.swift; sourceTree = "<group>"; wrapsLines = 0; };
		3DF8FD5B24D5661C00E64116 /* Base */ = {isa = PBXFileReference; lastKnownFileType = file.storyboard; name = Base; path = Base.lproj/Main.storyboard; sourceTree = "<group>"; };
		3DF8FD5D24D5662200E64116 /* Assets.xcassets */ = {isa = PBXFileReference; lastKnownFileType = folder.assetcatalog; path = Assets.xcassets; sourceTree = "<group>"; };
		3DF8FD6024D5662200E64116 /* Base */ = {isa = PBXFileReference; lastKnownFileType = file.storyboard; name = Base; path = Base.lproj/LaunchScreen.storyboard; sourceTree = "<group>"; };
		3DF8FD6224D5662200E64116 /* Info.plist */ = {isa = PBXFileReference; lastKnownFileType = text.plist.xml; path = Info.plist; sourceTree = "<group>"; };
		3DF8FD6724D5662200E64116 /* Game FeedTests.xctest */ = {isa = PBXFileReference; explicitFileType = wrapper.cfbundle; includeInIndex = 0; path = "Game FeedTests.xctest"; sourceTree = BUILT_PRODUCTS_DIR; };
		3DF8FD6B24D5662200E64116 /* Game_FeedTests.swift */ = {isa = PBXFileReference; lastKnownFileType = sourcecode.swift; path = Game_FeedTests.swift; sourceTree = "<group>"; };
		3DF8FD6D24D5662200E64116 /* Info.plist */ = {isa = PBXFileReference; lastKnownFileType = text.plist.xml; path = Info.plist; sourceTree = "<group>"; };
		3DF8FD7224D5662200E64116 /* Game FeedUITests.xctest */ = {isa = PBXFileReference; explicitFileType = wrapper.cfbundle; includeInIndex = 0; path = "Game FeedUITests.xctest"; sourceTree = BUILT_PRODUCTS_DIR; };
		3DF8FD7624D5662200E64116 /* Game_FeedUITests.swift */ = {isa = PBXFileReference; lastKnownFileType = sourcecode.swift; path = Game_FeedUITests.swift; sourceTree = "<group>"; };
		3DF8FD7824D5662200E64116 /* Info.plist */ = {isa = PBXFileReference; lastKnownFileType = text.plist.xml; path = Info.plist; sourceTree = "<group>"; };
/* End PBXFileReference section */

/* Begin PBXFrameworksBuildPhase section */
		3DF8FD4E24D5661C00E64116 /* Frameworks */ = {
			isa = PBXFrameworksBuildPhase;
			buildActionMask = 2147483647;
			files = (
			);
			runOnlyForDeploymentPostprocessing = 0;
		};
		3DF8FD6424D5662200E64116 /* Frameworks */ = {
			isa = PBXFrameworksBuildPhase;
			buildActionMask = 2147483647;
			files = (
			);
			runOnlyForDeploymentPostprocessing = 0;
		};
		3DF8FD6F24D5662200E64116 /* Frameworks */ = {
			isa = PBXFrameworksBuildPhase;
			buildActionMask = 2147483647;
			files = (
			);
			runOnlyForDeploymentPostprocessing = 0;
		};
/* End PBXFrameworksBuildPhase section */

/* Begin PBXGroup section */
		3D75A4952510AC480075C816 /* Data */ = {
			isa = PBXGroup;
			children = (
				3D96B16825119AAD006A3F1D /* GameModel.swift */,
			);
			path = Data;
			sourceTree = "<group>";
		};
		3D75A4962510AC750075C816 /* RAWG Client */ = {
			isa = PBXGroup;
			children = (
				3D75A4992510AE3C0075C816 /* RAWGClient.swift */,
				3DD8BA3B252DD453001754C0 /* Endpoints.swift */,
			);
			path = "RAWG Client";
			sourceTree = "<group>";
		};
		3D75A4972510AC810075C816 /* RAWG Responses */ = {
			isa = PBXGroup;
			children = (
				3D96B1742511CC5B006A3F1D /* GameResults.swift */,
				3D19822824D792CE00E3AD85 /* Game.swift */,
				3DAEDB7E252C8C7B00DFAF14 /* GameDetail.swift */,
				3DAEDB80252C8D2D00DFAF14 /* Publisher.swift */,
				3D96B16C2511C25B006A3F1D /* Rating.swift */,
				3D96B16E2511CAB9006A3F1D /* ESRBRating.swift */,
				3D96B1722511CB46006A3F1D /* Platform.swift */,
				3D96B1762511D843006A3F1D /* Platforms.swift */,
				3D96B1782511D8E1006A3F1D /* Requirement.swift */,
				3D4633B62514544700AF1A70 /* Genre.swift */,
			);
			path = "RAWG Responses";
			sourceTree = "<group>";
		};
		3D75A4982510AC980075C816 /* RAWG Requests */ = {
			isa = PBXGroup;
			children = (
			);
			path = "RAWG Requests";
			sourceTree = "<group>";
		};
		3D7D2A8325296DB100313795 /* Fonts */ = {
			isa = PBXGroup;
			children = (
				3D7D2AB6252972AA00313795 /* Poppins-Black.ttf */,
				3D7D2AB7252972AA00313795 /* Poppins-BlackItalic.ttf */,
				3D7D2AB3252972A800313795 /* Poppins-Bold.ttf */,
				3D7D2AAD252972A100313795 /* Poppins-BoldItalic.ttf */,
				3D7D2AB8252972AB00313795 /* Poppins-ExtraBold.ttf */,
				3D7D2AB1252972A600313795 /* Poppins-ExtraBoldItalic.ttf */,
				3D7D2AB0252972A500313795 /* Poppins-ExtraLight.ttf */,
				3D7D2AB2252972A700313795 /* Poppins-ExtraLightItalic.ttf */,
				3D7D2AAC252972A000313795 /* Poppins-Italic.ttf */,
				3D7D2AB5252972A900313795 /* Poppins-Light.ttf */,
				3D7D2AA92529729E00313795 /* Poppins-LightItalic.ttf */,
				3D7D2AB4252972A800313795 /* Poppins-Medium.ttf */,
				3D7D2AA82529729D00313795 /* Poppins-MediumItalic.ttf */,
				3D7D2AAE252972A100313795 /* Poppins-Regular.ttf */,
				3D7D2AAF252972A300313795 /* Poppins-SemiBold.ttf */,
				3D7D2AB9252972AC00313795 /* Poppins-SemiBoldItalic.ttf */,
				3D7D2AAA2529729E00313795 /* Poppins-Thin.ttf */,
				3D7D2AAB2529729F00313795 /* Poppins-ThinItalic.ttf */,
			);
			path = Fonts;
			sourceTree = "<group>";
		};
		3DF8FD4824D5661C00E64116 = {
			isa = PBXGroup;
			children = (
				3DF8FD5324D5661C00E64116 /* Game Feed */,
				3DF8FD6A24D5662200E64116 /* Game FeedTests */,
				3DF8FD7524D5662200E64116 /* Game FeedUITests */,
				3DF8FD5224D5661C00E64116 /* Products */,
			);
			sourceTree = "<group>";
		};
		3DF8FD5224D5661C00E64116 /* Products */ = {
			isa = PBXGroup;
			children = (
				3DF8FD5124D5661C00E64116 /* Game Feed.app */,
				3DF8FD6724D5662200E64116 /* Game FeedTests.xctest */,
				3DF8FD7224D5662200E64116 /* Game FeedUITests.xctest */,
			);
			name = Products;
			sourceTree = "<group>";
		};
		3DF8FD5324D5661C00E64116 /* Game Feed */ = {
			isa = PBXGroup;
			children = (
				3DF8FD8524D568EA00E64116 /* Model */,
				3DF8FD8424D568E300E64116 /* View */,
				3DF8FD8624D568F300E64116 /* Controller */,
				3DF8FD8724D5690600E64116 /* Base */,
				3D7D2A8325296DB100313795 /* Fonts */,
				3DF8FD5D24D5662200E64116 /* Assets.xcassets */,
				3DF8FD6224D5662200E64116 /* Info.plist */,
			);
			path = "Game Feed";
			sourceTree = "<group>";
		};
		3DF8FD6A24D5662200E64116 /* Game FeedTests */ = {
			isa = PBXGroup;
			children = (
				3DF8FD6B24D5662200E64116 /* Game_FeedTests.swift */,
				3DF8FD6D24D5662200E64116 /* Info.plist */,
			);
			path = "Game FeedTests";
			sourceTree = "<group>";
		};
		3DF8FD7524D5662200E64116 /* Game FeedUITests */ = {
			isa = PBXGroup;
			children = (
				3DF8FD7624D5662200E64116 /* Game_FeedUITests.swift */,
				3DF8FD7824D5662200E64116 /* Info.plist */,
			);
			path = "Game FeedUITests";
			sourceTree = "<group>";
		};
		3DF8FD8424D568E300E64116 /* View */ = {
			isa = PBXGroup;
			children = (
				3DF8FD5F24D5662200E64116 /* LaunchScreen.storyboard */,
				3DF8FD5A24D5661C00E64116 /* Main.storyboard */,
				3DDCDC1124D57B790020AB8E /* GameTableViewCell.xib */,
				3DEB3551252B46ED0023A31C /* GradientView.swift */,
			);
			path = View;
			sourceTree = "<group>";
		};
		3DF8FD8524D568EA00E64116 /* Model */ = {
			isa = PBXGroup;
			children = (
				3D75A4952510AC480075C816 /* Data */,
				3D75A4962510AC750075C816 /* RAWG Client */,
				3D75A4982510AC980075C816 /* RAWG Requests */,
				3D75A4972510AC810075C816 /* RAWG Responses */,
				3D19822624D7927700E3AD85 /* DummyGames.swift */,
				3D66CE3324D9221900E90636 /* TopGame.swift */,
				3D66CE3524D9223700E90636 /* NewGame.swift */,
			);
			path = Model;
			sourceTree = "<group>";
		};
		3DF8FD8624D568F300E64116 /* Controller */ = {
			isa = PBXGroup;
			children = (
				3DDCDC1024D57B790020AB8E /* GameTableViewCell.swift */,
				3DF8FD5824D5661C00E64116 /* ViewController.swift */,
				3D19823424D7F6B000E3AD85 /* DetailGameViewController.swift */,
				3D66CE2D24D8F40200E90636 /* MyProfileViewController.swift */,
				3D66CE2F24D8F42300E90636 /* TopGameViewController.swift */,
				3D66CE3124D8F43700E90636 /* NewGameViewController.swift */,
			);
			path = Controller;
			sourceTree = "<group>";
		};
		3DF8FD8724D5690600E64116 /* Base */ = {
			isa = PBXGroup;
			children = (
				3DF8FD5424D5661C00E64116 /* AppDelegate.swift */,
				3DF8FD5624D5661C00E64116 /* SceneDelegate.swift */,
			);
			path = Base;
			sourceTree = "<group>";
		};
/* End PBXGroup section */

/* Begin PBXNativeTarget section */
		3DF8FD5024D5661C00E64116 /* Game Feed */ = {
			isa = PBXNativeTarget;
			buildConfigurationList = 3DF8FD7B24D5662200E64116 /* Build configuration list for PBXNativeTarget "Game Feed" */;
			buildPhases = (
				3DF8FD4D24D5661C00E64116 /* Sources */,
				3DF8FD4E24D5661C00E64116 /* Frameworks */,
				3DF8FD4F24D5661C00E64116 /* Resources */,
			);
			buildRules = (
			);
			dependencies = (
			);
			name = "Game Feed";
			productName = "Game Feed";
			productReference = 3DF8FD5124D5661C00E64116 /* Game Feed.app */;
			productType = "com.apple.product-type.application";
		};
		3DF8FD6624D5662200E64116 /* Game FeedTests */ = {
			isa = PBXNativeTarget;
			buildConfigurationList = 3DF8FD7E24D5662200E64116 /* Build configuration list for PBXNativeTarget "Game FeedTests" */;
			buildPhases = (
				3DF8FD6324D5662200E64116 /* Sources */,
				3DF8FD6424D5662200E64116 /* Frameworks */,
				3DF8FD6524D5662200E64116 /* Resources */,
			);
			buildRules = (
			);
			dependencies = (
				3DF8FD6924D5662200E64116 /* PBXTargetDependency */,
			);
			name = "Game FeedTests";
			productName = "Game FeedTests";
			productReference = 3DF8FD6724D5662200E64116 /* Game FeedTests.xctest */;
			productType = "com.apple.product-type.bundle.unit-test";
		};
		3DF8FD7124D5662200E64116 /* Game FeedUITests */ = {
			isa = PBXNativeTarget;
			buildConfigurationList = 3DF8FD8124D5662200E64116 /* Build configuration list for PBXNativeTarget "Game FeedUITests" */;
			buildPhases = (
				3DF8FD6E24D5662200E64116 /* Sources */,
				3DF8FD6F24D5662200E64116 /* Frameworks */,
				3DF8FD7024D5662200E64116 /* Resources */,
			);
			buildRules = (
			);
			dependencies = (
				3DF8FD7424D5662200E64116 /* PBXTargetDependency */,
			);
			name = "Game FeedUITests";
			productName = "Game FeedUITests";
			productReference = 3DF8FD7224D5662200E64116 /* Game FeedUITests.xctest */;
			productType = "com.apple.product-type.bundle.ui-testing";
		};
/* End PBXNativeTarget section */

/* Begin PBXProject section */
		3DF8FD4924D5661C00E64116 /* Project object */ = {
			isa = PBXProject;
			attributes = {
				LastSwiftUpdateCheck = 1150;
				LastUpgradeCheck = 1150;
				ORGANIZATIONNAME = "Dicoding Indonesia";
				TargetAttributes = {
					3DF8FD5024D5661C00E64116 = {
						CreatedOnToolsVersion = 11.5;
					};
					3DF8FD6624D5662200E64116 = {
						CreatedOnToolsVersion = 11.5;
						TestTargetID = 3DF8FD5024D5661C00E64116;
					};
					3DF8FD7124D5662200E64116 = {
						CreatedOnToolsVersion = 11.5;
						TestTargetID = 3DF8FD5024D5661C00E64116;
					};
				};
			};
			buildConfigurationList = 3DF8FD4C24D5661C00E64116 /* Build configuration list for PBXProject "Game Feed" */;
			compatibilityVersion = "Xcode 9.3";
			developmentRegion = en;
			hasScannedForEncodings = 0;
			knownRegions = (
				en,
				Base,
			);
			mainGroup = 3DF8FD4824D5661C00E64116;
			productRefGroup = 3DF8FD5224D5661C00E64116 /* Products */;
			projectDirPath = "";
			projectRoot = "";
			targets = (
				3DF8FD5024D5661C00E64116 /* Game Feed */,
				3DF8FD6624D5662200E64116 /* Game FeedTests */,
				3DF8FD7124D5662200E64116 /* Game FeedUITests */,
			);
		};
/* End PBXProject section */

/* Begin PBXResourcesBuildPhase section */
		3DF8FD4F24D5661C00E64116 /* Resources */ = {
			isa = PBXResourcesBuildPhase;
			buildActionMask = 2147483647;
			files = (
				3DF8FD6124D5662200E64116 /* LaunchScreen.storyboard in Resources */,
				3D7D2AC7252972AC00313795 /* Poppins-Light.ttf in Resources */,
				3D7D2ABD252972AC00313795 /* Poppins-ThinItalic.ttf in Resources */,
				3D7D2ABC252972AC00313795 /* Poppins-Thin.ttf in Resources */,
				3D7D2AC5252972AC00313795 /* Poppins-Bold.ttf in Resources */,
				3D7D2AC8252972AC00313795 /* Poppins-Black.ttf in Resources */,
				3D7D2AC6252972AC00313795 /* Poppins-Medium.ttf in Resources */,
				3D7D2ABE252972AC00313795 /* Poppins-Italic.ttf in Resources */,
				3D7D2ABB252972AC00313795 /* Poppins-LightItalic.ttf in Resources */,
				3DF8FD5E24D5662200E64116 /* Assets.xcassets in Resources */,
				3D7D2ACA252972AC00313795 /* Poppins-ExtraBold.ttf in Resources */,
				3D7D2ACB252972AC00313795 /* Poppins-SemiBoldItalic.ttf in Resources */,
				3DF8FD5C24D5661C00E64116 /* Main.storyboard in Resources */,
				3DDCDC1324D57B790020AB8E /* GameTableViewCell.xib in Resources */,
				3D7D2AC9252972AC00313795 /* Poppins-BlackItalic.ttf in Resources */,
				3D7D2AC0252972AC00313795 /* Poppins-Regular.ttf in Resources */,
				3D7D2AC1252972AC00313795 /* Poppins-SemiBold.ttf in Resources */,
				3D7D2AC3252972AC00313795 /* Poppins-ExtraBoldItalic.ttf in Resources */,
				3D7D2ABA252972AC00313795 /* Poppins-MediumItalic.ttf in Resources */,
				3D7D2AC4252972AC00313795 /* Poppins-ExtraLightItalic.ttf in Resources */,
				3D7D2ABF252972AC00313795 /* Poppins-BoldItalic.ttf in Resources */,
				3D7D2AC2252972AC00313795 /* Poppins-ExtraLight.ttf in Resources */,
			);
			runOnlyForDeploymentPostprocessing = 0;
		};
		3DF8FD6524D5662200E64116 /* Resources */ = {
			isa = PBXResourcesBuildPhase;
			buildActionMask = 2147483647;
			files = (
			);
			runOnlyForDeploymentPostprocessing = 0;
		};
		3DF8FD7024D5662200E64116 /* Resources */ = {
			isa = PBXResourcesBuildPhase;
			buildActionMask = 2147483647;
			files = (
			);
			runOnlyForDeploymentPostprocessing = 0;
		};
/* End PBXResourcesBuildPhase section */

/* Begin PBXSourcesBuildPhase section */
		3DF8FD4D24D5661C00E64116 /* Sources */ = {
			isa = PBXSourcesBuildPhase;
			buildActionMask = 2147483647;
			files = (
				3DAEDB81252C8D2D00DFAF14 /* Publisher.swift in Sources */,
				3D96B1732511CB46006A3F1D /* Platform.swift in Sources */,
				3D75A49A2510AE3C0075C816 /* RAWGClient.swift in Sources */,
				3DEB3552252B46ED0023A31C /* GradientView.swift in Sources */,
				3D66CE3624D9223700E90636 /* NewGame.swift in Sources */,
				3DAEDB7F252C8C7B00DFAF14 /* GameDetail.swift in Sources */,
				3DF8FD5924D5661C00E64116 /* ViewController.swift in Sources */,
				3D19822924D792CE00E3AD85 /* Game.swift in Sources */,
				3D96B16925119AAD006A3F1D /* GameModel.swift in Sources */,
				3DD8BA3C252DD453001754C0 /* Endpoints.swift in Sources */,
				3D4633B72514544700AF1A70 /* Genre.swift in Sources */,
				3D96B1792511D8E1006A3F1D /* Requirement.swift in Sources */,
				3DF8FD5524D5661C00E64116 /* AppDelegate.swift in Sources */,
				3DF8FD5724D5661C00E64116 /* SceneDelegate.swift in Sources */,
				3D19822724D7927700E3AD85 /* DummyGames.swift in Sources */,
				3D96B1772511D843006A3F1D /* Platforms.swift in Sources */,
				3D19823524D7F6B000E3AD85 /* DetailGameViewController.swift in Sources */,
				3D66CE2E24D8F40200E90636 /* MyProfileViewController.swift in Sources */,
				3D66CE3224D8F43700E90636 /* NewGameViewController.swift in Sources */,
				3D96B16F2511CAB9006A3F1D /* ESRBRating.swift in Sources */,
				3D96B16D2511C25B006A3F1D /* Rating.swift in Sources */,
				3DDCDC1224D57B790020AB8E /* GameTableViewCell.swift in Sources */,
				3D66CE3024D8F42300E90636 /* TopGameViewController.swift in Sources */,
				3D96B1752511CC5B006A3F1D /* GameResults.swift in Sources */,
				3D66CE3424D9221900E90636 /* TopGame.swift in Sources */,
			);
			runOnlyForDeploymentPostprocessing = 0;
		};
		3DF8FD6324D5662200E64116 /* Sources */ = {
			isa = PBXSourcesBuildPhase;
			buildActionMask = 2147483647;
			files = (
				3DF8FD6C24D5662200E64116 /* Game_FeedTests.swift in Sources */,
			);
			runOnlyForDeploymentPostprocessing = 0;
		};
		3DF8FD6E24D5662200E64116 /* Sources */ = {
			isa = PBXSourcesBuildPhase;
			buildActionMask = 2147483647;
			files = (
				3DF8FD7724D5662200E64116 /* Game_FeedUITests.swift in Sources */,
			);
			runOnlyForDeploymentPostprocessing = 0;
		};
/* End PBXSourcesBuildPhase section */

/* Begin PBXTargetDependency section */
		3DF8FD6924D5662200E64116 /* PBXTargetDependency */ = {
			isa = PBXTargetDependency;
			target = 3DF8FD5024D5661C00E64116 /* Game Feed */;
			targetProxy = 3DF8FD6824D5662200E64116 /* PBXContainerItemProxy */;
		};
		3DF8FD7424D5662200E64116 /* PBXTargetDependency */ = {
			isa = PBXTargetDependency;
			target = 3DF8FD5024D5661C00E64116 /* Game Feed */;
			targetProxy = 3DF8FD7324D5662200E64116 /* PBXContainerItemProxy */;
		};
/* End PBXTargetDependency section */

/* Begin PBXVariantGroup section */
		3DF8FD5A24D5661C00E64116 /* Main.storyboard */ = {
			isa = PBXVariantGroup;
			children = (
				3DF8FD5B24D5661C00E64116 /* Base */,
			);
			name = Main.storyboard;
			sourceTree = "<group>";
		};
		3DF8FD5F24D5662200E64116 /* LaunchScreen.storyboard */ = {
			isa = PBXVariantGroup;
			children = (
				3DF8FD6024D5662200E64116 /* Base */,
			);
			name = LaunchScreen.storyboard;
			sourceTree = "<group>";
		};
/* End PBXVariantGroup section */

/* Begin XCBuildConfiguration section */
		3DF8FD7924D5662200E64116 /* Debug */ = {
			isa = XCBuildConfiguration;
			buildSettings = {
				ALWAYS_SEARCH_USER_PATHS = NO;
				CLANG_ANALYZER_NONNULL = YES;
				CLANG_ANALYZER_NUMBER_OBJECT_CONVERSION = YES_AGGRESSIVE;
				CLANG_CXX_LANGUAGE_STANDARD = "gnu++14";
				CLANG_CXX_LIBRARY = "libc++";
				CLANG_ENABLE_MODULES = YES;
				CLANG_ENABLE_OBJC_ARC = YES;
				CLANG_ENABLE_OBJC_WEAK = YES;
				CLANG_WARN_BLOCK_CAPTURE_AUTORELEASING = YES;
				CLANG_WARN_BOOL_CONVERSION = YES;
				CLANG_WARN_COMMA = YES;
				CLANG_WARN_CONSTANT_CONVERSION = YES;
				CLANG_WARN_DEPRECATED_OBJC_IMPLEMENTATIONS = YES;
				CLANG_WARN_DIRECT_OBJC_ISA_USAGE = YES_ERROR;
				CLANG_WARN_DOCUMENTATION_COMMENTS = YES;
				CLANG_WARN_EMPTY_BODY = YES;
				CLANG_WARN_ENUM_CONVERSION = YES;
				CLANG_WARN_INFINITE_RECURSION = YES;
				CLANG_WARN_INT_CONVERSION = YES;
				CLANG_WARN_NON_LITERAL_NULL_CONVERSION = YES;
				CLANG_WARN_OBJC_IMPLICIT_RETAIN_SELF = YES;
				CLANG_WARN_OBJC_LITERAL_CONVERSION = YES;
				CLANG_WARN_OBJC_ROOT_CLASS = YES_ERROR;
				CLANG_WARN_RANGE_LOOP_ANALYSIS = YES;
				CLANG_WARN_STRICT_PROTOTYPES = YES;
				CLANG_WARN_SUSPICIOUS_MOVE = YES;
				CLANG_WARN_UNGUARDED_AVAILABILITY = YES_AGGRESSIVE;
				CLANG_WARN_UNREACHABLE_CODE = YES;
				CLANG_WARN__DUPLICATE_METHOD_MATCH = YES;
				COPY_PHASE_STRIP = NO;
				DEBUG_INFORMATION_FORMAT = dwarf;
				ENABLE_STRICT_OBJC_MSGSEND = YES;
				ENABLE_TESTABILITY = YES;
				GCC_C_LANGUAGE_STANDARD = gnu11;
				GCC_DYNAMIC_NO_PIC = NO;
				GCC_NO_COMMON_BLOCKS = YES;
				GCC_OPTIMIZATION_LEVEL = 0;
				GCC_PREPROCESSOR_DEFINITIONS = (
					"DEBUG=1",
					"$(inherited)",
				);
				GCC_WARN_64_TO_32_BIT_CONVERSION = YES;
				GCC_WARN_ABOUT_RETURN_TYPE = YES_ERROR;
				GCC_WARN_UNDECLARED_SELECTOR = YES;
				GCC_WARN_UNINITIALIZED_AUTOS = YES_AGGRESSIVE;
				GCC_WARN_UNUSED_FUNCTION = YES;
				GCC_WARN_UNUSED_VARIABLE = YES;
				IPHONEOS_DEPLOYMENT_TARGET = 13.5;
				MTL_ENABLE_DEBUG_INFO = INCLUDE_SOURCE;
				MTL_FAST_MATH = YES;
				ONLY_ACTIVE_ARCH = YES;
				SDKROOT = iphoneos;
				SWIFT_ACTIVE_COMPILATION_CONDITIONS = DEBUG;
				SWIFT_OPTIMIZATION_LEVEL = "-Onone";
			};
			name = Debug;
		};
		3DF8FD7A24D5662200E64116 /* Release */ = {
			isa = XCBuildConfiguration;
			buildSettings = {
				ALWAYS_SEARCH_USER_PATHS = NO;
				CLANG_ANALYZER_NONNULL = YES;
				CLANG_ANALYZER_NUMBER_OBJECT_CONVERSION = YES_AGGRESSIVE;
				CLANG_CXX_LANGUAGE_STANDARD = "gnu++14";
				CLANG_CXX_LIBRARY = "libc++";
				CLANG_ENABLE_MODULES = YES;
				CLANG_ENABLE_OBJC_ARC = YES;
				CLANG_ENABLE_OBJC_WEAK = YES;
				CLANG_WARN_BLOCK_CAPTURE_AUTORELEASING = YES;
				CLANG_WARN_BOOL_CONVERSION = YES;
				CLANG_WARN_COMMA = YES;
				CLANG_WARN_CONSTANT_CONVERSION = YES;
				CLANG_WARN_DEPRECATED_OBJC_IMPLEMENTATIONS = YES;
				CLANG_WARN_DIRECT_OBJC_ISA_USAGE = YES_ERROR;
				CLANG_WARN_DOCUMENTATION_COMMENTS = YES;
				CLANG_WARN_EMPTY_BODY = YES;
				CLANG_WARN_ENUM_CONVERSION = YES;
				CLANG_WARN_INFINITE_RECURSION = YES;
				CLANG_WARN_INT_CONVERSION = YES;
				CLANG_WARN_NON_LITERAL_NULL_CONVERSION = YES;
				CLANG_WARN_OBJC_IMPLICIT_RETAIN_SELF = YES;
				CLANG_WARN_OBJC_LITERAL_CONVERSION = YES;
				CLANG_WARN_OBJC_ROOT_CLASS = YES_ERROR;
				CLANG_WARN_RANGE_LOOP_ANALYSIS = YES;
				CLANG_WARN_STRICT_PROTOTYPES = YES;
				CLANG_WARN_SUSPICIOUS_MOVE = YES;
				CLANG_WARN_UNGUARDED_AVAILABILITY = YES_AGGRESSIVE;
				CLANG_WARN_UNREACHABLE_CODE = YES;
				CLANG_WARN__DUPLICATE_METHOD_MATCH = YES;
				COPY_PHASE_STRIP = NO;
				DEBUG_INFORMATION_FORMAT = "dwarf-with-dsym";
				ENABLE_NS_ASSERTIONS = NO;
				ENABLE_STRICT_OBJC_MSGSEND = YES;
				GCC_C_LANGUAGE_STANDARD = gnu11;
				GCC_NO_COMMON_BLOCKS = YES;
				GCC_WARN_64_TO_32_BIT_CONVERSION = YES;
				GCC_WARN_ABOUT_RETURN_TYPE = YES_ERROR;
				GCC_WARN_UNDECLARED_SELECTOR = YES;
				GCC_WARN_UNINITIALIZED_AUTOS = YES_AGGRESSIVE;
				GCC_WARN_UNUSED_FUNCTION = YES;
				GCC_WARN_UNUSED_VARIABLE = YES;
				IPHONEOS_DEPLOYMENT_TARGET = 13.5;
				MTL_ENABLE_DEBUG_INFO = NO;
				MTL_FAST_MATH = YES;
				SDKROOT = iphoneos;
				SWIFT_COMPILATION_MODE = wholemodule;
				SWIFT_OPTIMIZATION_LEVEL = "-O";
				VALIDATE_PRODUCT = YES;
			};
			name = Release;
		};
		3DF8FD7C24D5662200E64116 /* Debug */ = {
			isa = XCBuildConfiguration;
			buildSettings = {
				ASSETCATALOG_COMPILER_APPICON_NAME = AppIcon;
				CODE_SIGN_STYLE = Automatic;
				INFOPLIST_FILE = "Game Feed/Info.plist";
				LD_RUNPATH_SEARCH_PATHS = (
					"$(inherited)",
					"@executable_path/Frameworks",
				);
				PRODUCT_BUNDLE_IDENTIFIER = "com.dicoding.academy.Game-Feed";
				PRODUCT_NAME = "$(TARGET_NAME)";
				SWIFT_VERSION = 5.0;
				TARGETED_DEVICE_FAMILY = "1,2";
			};
			name = Debug;
		};
		3DF8FD7D24D5662200E64116 /* Release */ = {
			isa = XCBuildConfiguration;
			buildSettings = {
				ASSETCATALOG_COMPILER_APPICON_NAME = AppIcon;
				CODE_SIGN_STYLE = Automatic;
				INFOPLIST_FILE = "Game Feed/Info.plist";
				LD_RUNPATH_SEARCH_PATHS = (
					"$(inherited)",
					"@executable_path/Frameworks",
				);
				PRODUCT_BUNDLE_IDENTIFIER = "com.dicoding.academy.Game-Feed";
				PRODUCT_NAME = "$(TARGET_NAME)";
				SWIFT_VERSION = 5.0;
				TARGETED_DEVICE_FAMILY = "1,2";
			};
			name = Release;
		};
		3DF8FD7F24D5662200E64116 /* Debug */ = {
			isa = XCBuildConfiguration;
			buildSettings = {
				ALWAYS_EMBED_SWIFT_STANDARD_LIBRARIES = YES;
				BUNDLE_LOADER = "$(TEST_HOST)";
				CODE_SIGN_STYLE = Automatic;
				INFOPLIST_FILE = "Game FeedTests/Info.plist";
				IPHONEOS_DEPLOYMENT_TARGET = 13.5;
				LD_RUNPATH_SEARCH_PATHS = (
					"$(inherited)",
					"@executable_path/Frameworks",
					"@loader_path/Frameworks",
				);
				PRODUCT_BUNDLE_IDENTIFIER = "com.dicoding.academy.Game-FeedTests";
				PRODUCT_NAME = "$(TARGET_NAME)";
				SWIFT_VERSION = 5.0;
				TARGETED_DEVICE_FAMILY = "1,2";
				TEST_HOST = "$(BUILT_PRODUCTS_DIR)/Game Feed.app/Game Feed";
			};
			name = Debug;
		};
		3DF8FD8024D5662200E64116 /* Release */ = {
			isa = XCBuildConfiguration;
			buildSettings = {
				ALWAYS_EMBED_SWIFT_STANDARD_LIBRARIES = YES;
				BUNDLE_LOADER = "$(TEST_HOST)";
				CODE_SIGN_STYLE = Automatic;
				INFOPLIST_FILE = "Game FeedTests/Info.plist";
				IPHONEOS_DEPLOYMENT_TARGET = 13.5;
				LD_RUNPATH_SEARCH_PATHS = (
					"$(inherited)",
					"@executable_path/Frameworks",
					"@loader_path/Frameworks",
				);
				PRODUCT_BUNDLE_IDENTIFIER = "com.dicoding.academy.Game-FeedTests";
				PRODUCT_NAME = "$(TARGET_NAME)";
				SWIFT_VERSION = 5.0;
				TARGETED_DEVICE_FAMILY = "1,2";
				TEST_HOST = "$(BUILT_PRODUCTS_DIR)/Game Feed.app/Game Feed";
			};
			name = Release;
		};
		3DF8FD8224D5662200E64116 /* Debug */ = {
			isa = XCBuildConfiguration;
			buildSettings = {
				ALWAYS_EMBED_SWIFT_STANDARD_LIBRARIES = YES;
				CODE_SIGN_STYLE = Automatic;
				INFOPLIST_FILE = "Game FeedUITests/Info.plist";
				LD_RUNPATH_SEARCH_PATHS = (
					"$(inherited)",
					"@executable_path/Frameworks",
					"@loader_path/Frameworks",
				);
				PRODUCT_BUNDLE_IDENTIFIER = "com.dicoding.academy.Game-FeedUITests";
				PRODUCT_NAME = "$(TARGET_NAME)";
				SWIFT_VERSION = 5.0;
				TARGETED_DEVICE_FAMILY = "1,2";
				TEST_TARGET_NAME = "Game Feed";
			};
			name = Debug;
		};
		3DF8FD8324D5662200E64116 /* Release */ = {
			isa = XCBuildConfiguration;
			buildSettings = {
				ALWAYS_EMBED_SWIFT_STANDARD_LIBRARIES = YES;
				CODE_SIGN_STYLE = Automatic;
				INFOPLIST_FILE = "Game FeedUITests/Info.plist";
				LD_RUNPATH_SEARCH_PATHS = (
					"$(inherited)",
					"@executable_path/Frameworks",
					"@loader_path/Frameworks",
				);
				PRODUCT_BUNDLE_IDENTIFIER = "com.dicoding.academy.Game-FeedUITests";
				PRODUCT_NAME = "$(TARGET_NAME)";
				SWIFT_VERSION = 5.0;
				TARGETED_DEVICE_FAMILY = "1,2";
				TEST_TARGET_NAME = "Game Feed";
			};
			name = Release;
		};
/* End XCBuildConfiguration section */

/* Begin XCConfigurationList section */
		3DF8FD4C24D5661C00E64116 /* Build configuration list for PBXProject "Game Feed" */ = {
			isa = XCConfigurationList;
			buildConfigurations = (
				3DF8FD7924D5662200E64116 /* Debug */,
				3DF8FD7A24D5662200E64116 /* Release */,
			);
			defaultConfigurationIsVisible = 0;
			defaultConfigurationName = Release;
		};
		3DF8FD7B24D5662200E64116 /* Build configuration list for PBXNativeTarget "Game Feed" */ = {
			isa = XCConfigurationList;
			buildConfigurations = (
				3DF8FD7C24D5662200E64116 /* Debug */,
				3DF8FD7D24D5662200E64116 /* Release */,
			);
			defaultConfigurationIsVisible = 0;
			defaultConfigurationName = Release;
		};
		3DF8FD7E24D5662200E64116 /* Build configuration list for PBXNativeTarget "Game FeedTests" */ = {
			isa = XCConfigurationList;
			buildConfigurations = (
				3DF8FD7F24D5662200E64116 /* Debug */,
				3DF8FD8024D5662200E64116 /* Release */,
			);
			defaultConfigurationIsVisible = 0;
			defaultConfigurationName = Release;
		};
		3DF8FD8124D5662200E64116 /* Build configuration list for PBXNativeTarget "Game FeedUITests" */ = {
			isa = XCConfigurationList;
			buildConfigurations = (
				3DF8FD8224D5662200E64116 /* Debug */,
				3DF8FD8324D5662200E64116 /* Release */,
			);
			defaultConfigurationIsVisible = 0;
			defaultConfigurationName = Release;
		};
/* End XCConfigurationList section */
	};
	rootObject = 3DF8FD4924D5661C00E64116 /* Project object */;
}
