// !$*UTF8*$!
{
	archiveVersion = 1;
	classes = {
	};
	objectVersion = 50;
	objects = {

/* Begin PBXBuildFile section */
		3D19822924D792CE00E3AD85 /* Game.swift in Sources */ = {isa = PBXBuildFile; fileRef = 3D19822824D792CE00E3AD85 /* Game.swift */; };
		3D19823524D7F6B000E3AD85 /* DetailGameViewController.swift in Sources */ = {isa = PBXBuildFile; fileRef = 3D19823424D7F6B000E3AD85 /* DetailGameViewController.swift */; };
		3D23BA7B2539E8EE0064B284 /* UpdateViewController.swift in Sources */ = {isa = PBXBuildFile; fileRef = 3D23BA7A2539E8EE0064B284 /* UpdateViewController.swift */; };
		3D4633B72514544700AF1A70 /* Genre.swift in Sources */ = {isa = PBXBuildFile; fileRef = 3D4633B62514544700AF1A70 /* Genre.swift */; };
		3D55B3AA2532C4D70072AFC3 /* UIView+RoundCorners.swift in Sources */ = {isa = PBXBuildFile; fileRef = 3D55B3A92532C4D70072AFC3 /* UIView+RoundCorners.swift */; };
		3D62420E270AAD9000C23356 /* LoadGameFromRemoteUseCaseTests.swift in Sources */ = {isa = PBXBuildFile; fileRef = 3D62420D270AAD9000C23356 /* LoadGameFromRemoteUseCaseTests.swift */; };
		3D624210270AB0A700C23356 /* EndpointTests.swift in Sources */ = {isa = PBXBuildFile; fileRef = 3D62420F270AB0A700C23356 /* EndpointTests.swift */; };
		3D66CE2E24D8F40200E90636 /* MyProfileViewController.swift in Sources */ = {isa = PBXBuildFile; fileRef = 3D66CE2D24D8F40200E90636 /* MyProfileViewController.swift */; };
		3D66CE3024D8F42300E90636 /* SearchGameViewController.swift in Sources */ = {isa = PBXBuildFile; fileRef = 3D66CE2F24D8F42300E90636 /* SearchGameViewController.swift */; };
		3D66CE3224D8F43700E90636 /* NewGameViewController.swift in Sources */ = {isa = PBXBuildFile; fileRef = 3D66CE3124D8F43700E90636 /* NewGameViewController.swift */; };
		3D75A49A2510AE3C0075C816 /* RAWGClient.swift in Sources */ = {isa = PBXBuildFile; fileRef = 3D75A4992510AE3C0075C816 /* RAWGClient.swift */; };
		3D7D2AC0252972AC00313795 /* Poppins-Regular.ttf in Resources */ = {isa = PBXBuildFile; fileRef = 3D7D2AAE252972A100313795 /* Poppins-Regular.ttf */; };
		3D7D2AC5252972AC00313795 /* Poppins-Bold.ttf in Resources */ = {isa = PBXBuildFile; fileRef = 3D7D2AB3252972A800313795 /* Poppins-Bold.ttf */; };
		3D7D2AC6252972AC00313795 /* Poppins-Medium.ttf in Resources */ = {isa = PBXBuildFile; fileRef = 3D7D2AB4252972A800313795 /* Poppins-Medium.ttf */; };
		3D7D2AC7252972AC00313795 /* Poppins-Light.ttf in Resources */ = {isa = PBXBuildFile; fileRef = 3D7D2AB5252972A900313795 /* Poppins-Light.ttf */; };
		3D7D2AC8252972AC00313795 /* Poppins-Black.ttf in Resources */ = {isa = PBXBuildFile; fileRef = 3D7D2AB6252972AA00313795 /* Poppins-Black.ttf */; };
		3D8B773225382E390076805E /* ProfileModel.swift in Sources */ = {isa = PBXBuildFile; fileRef = 3D8B773125382E390076805E /* ProfileModel.swift */; };
		3D96B1732511CB46006A3F1D /* Platform.swift in Sources */ = {isa = PBXBuildFile; fileRef = 3D96B1722511CB46006A3F1D /* Platform.swift */; };
		3D96B1752511CC5B006A3F1D /* GameResults.swift in Sources */ = {isa = PBXBuildFile; fileRef = 3D96B1742511CC5B006A3F1D /* GameResults.swift */; };
		3D96B1772511D843006A3F1D /* Platforms.swift in Sources */ = {isa = PBXBuildFile; fileRef = 3D96B1762511D843006A3F1D /* Platforms.swift */; };
		3DAEDB7F252C8C7B00DFAF14 /* GameDetail.swift in Sources */ = {isa = PBXBuildFile; fileRef = 3DAEDB7E252C8C7B00DFAF14 /* GameDetail.swift */; };
		3DAEDB81252C8D2D00DFAF14 /* Publisher.swift in Sources */ = {isa = PBXBuildFile; fileRef = 3DAEDB80252C8D2D00DFAF14 /* Publisher.swift */; };
		3DD8BA3C252DD453001754C0 /* Endpoints.swift in Sources */ = {isa = PBXBuildFile; fileRef = 3DD8BA3B252DD453001754C0 /* Endpoints.swift */; };
		3DD8BA3E252DFFB9001754C0 /* Formatter.swift in Sources */ = {isa = PBXBuildFile; fileRef = 3DD8BA3D252DFFB9001754C0 /* Formatter.swift */; };
		3DD8EC16253ACE9C00BBE509 /* FavoritesViewController.swift in Sources */ = {isa = PBXBuildFile; fileRef = 3DD8EC15253ACE9C00BBE509 /* FavoritesViewController.swift */; };
		3DD8EC1C253AD88B00BBE509 /* UserFavorites.xcdatamodeld in Sources */ = {isa = PBXBuildFile; fileRef = 3DD8EC1A253AD88B00BBE509 /* UserFavorites.xcdatamodeld */; };
		3DD8EC1E253AEFA200BBE509 /* FavoriteModel.swift in Sources */ = {isa = PBXBuildFile; fileRef = 3DD8EC1D253AEFA200BBE509 /* FavoriteModel.swift */; };
		3DD8EC20253AF04500BBE509 /* FavoriteProvider.swift in Sources */ = {isa = PBXBuildFile; fileRef = 3DD8EC1F253AF04500BBE509 /* FavoriteProvider.swift */; };
		3DDCDC1224D57B790020AB8E /* GameTableViewCell.swift in Sources */ = {isa = PBXBuildFile; fileRef = 3DDCDC1024D57B790020AB8E /* GameTableViewCell.swift */; };
		3DDCDC1324D57B790020AB8E /* GameTableViewCell.xib in Resources */ = {isa = PBXBuildFile; fileRef = 3DDCDC1124D57B790020AB8E /* GameTableViewCell.xib */; };
		3DF8FD5524D5661C00E64116 /* AppDelegate.swift in Sources */ = {isa = PBXBuildFile; fileRef = 3DF8FD5424D5661C00E64116 /* AppDelegate.swift */; };
		3DF8FD5724D5661C00E64116 /* SceneDelegate.swift in Sources */ = {isa = PBXBuildFile; fileRef = 3DF8FD5624D5661C00E64116 /* SceneDelegate.swift */; };
		3DF8FD5924D5661C00E64116 /* ViewController.swift in Sources */ = {isa = PBXBuildFile; fileRef = 3DF8FD5824D5661C00E64116 /* ViewController.swift */; };
		3DF8FD5C24D5661C00E64116 /* Main.storyboard in Resources */ = {isa = PBXBuildFile; fileRef = 3DF8FD5A24D5661C00E64116 /* Main.storyboard */; };
		3DF8FD5E24D5662200E64116 /* Assets.xcassets in Resources */ = {isa = PBXBuildFile; fileRef = 3DF8FD5D24D5662200E64116 /* Assets.xcassets */; };
		3DF8FD6124D5662200E64116 /* LaunchScreen.storyboard in Resources */ = {isa = PBXBuildFile; fileRef = 3DF8FD5F24D5662200E64116 /* LaunchScreen.storyboard */; };
/* End PBXBuildFile section */

/* Begin PBXContainerItemProxy section */
		3D1ADDBC26E1C94F00614DF8 /* PBXContainerItemProxy */ = {
			isa = PBXContainerItemProxy;
			containerPortal = 3DF8FD4924D5661C00E64116 /* Project object */;
			proxyType = 1;
			remoteGlobalIDString = 3DF8FD5024D5661C00E64116;
			remoteInfo = "Game Feed";
		};
/* End PBXContainerItemProxy section */

/* Begin PBXFileReference section */
		3D19822824D792CE00E3AD85 /* Game.swift */ = {isa = PBXFileReference; lastKnownFileType = sourcecode.swift; path = Game.swift; sourceTree = "<group>"; };
		3D19823424D7F6B000E3AD85 /* DetailGameViewController.swift */ = {isa = PBXFileReference; lastKnownFileType = sourcecode.swift; path = DetailGameViewController.swift; sourceTree = "<group>"; };
		3D1ADDB726E1C94F00614DF8 /* GameFeedTests.xctest */ = {isa = PBXFileReference; explicitFileType = wrapper.cfbundle; includeInIndex = 0; path = GameFeedTests.xctest; sourceTree = BUILT_PRODUCTS_DIR; };
		3D1ADDBB26E1C94F00614DF8 /* Info.plist */ = {isa = PBXFileReference; lastKnownFileType = text.plist.xml; path = Info.plist; sourceTree = "<group>"; };
		3D23BA7A2539E8EE0064B284 /* UpdateViewController.swift */ = {isa = PBXFileReference; lastKnownFileType = sourcecode.swift; path = UpdateViewController.swift; sourceTree = "<group>"; };
		3D4633B62514544700AF1A70 /* Genre.swift */ = {isa = PBXFileReference; lastKnownFileType = sourcecode.swift; path = Genre.swift; sourceTree = "<group>"; };
		3D55B3A92532C4D70072AFC3 /* UIView+RoundCorners.swift */ = {isa = PBXFileReference; lastKnownFileType = sourcecode.swift; path = "UIView+RoundCorners.swift"; sourceTree = "<group>"; };
		3D62420D270AAD9000C23356 /* LoadGameFromRemoteUseCaseTests.swift */ = {isa = PBXFileReference; lastKnownFileType = sourcecode.swift; path = LoadGameFromRemoteUseCaseTests.swift; sourceTree = "<group>"; };
		3D62420F270AB0A700C23356 /* EndpointTests.swift */ = {isa = PBXFileReference; lastKnownFileType = sourcecode.swift; path = EndpointTests.swift; sourceTree = "<group>"; };
		3D66CE2D24D8F40200E90636 /* MyProfileViewController.swift */ = {isa = PBXFileReference; lastKnownFileType = sourcecode.swift; path = MyProfileViewController.swift; sourceTree = "<group>"; };
		3D66CE2F24D8F42300E90636 /* SearchGameViewController.swift */ = {isa = PBXFileReference; lastKnownFileType = sourcecode.swift; path = SearchGameViewController.swift; sourceTree = "<group>"; };
		3D66CE3124D8F43700E90636 /* NewGameViewController.swift */ = {isa = PBXFileReference; lastKnownFileType = sourcecode.swift; path = NewGameViewController.swift; sourceTree = "<group>"; };
		3D75A4992510AE3C0075C816 /* RAWGClient.swift */ = {isa = PBXFileReference; lastKnownFileType = sourcecode.swift; path = RAWGClient.swift; sourceTree = "<group>"; };
		3D7D2AAE252972A100313795 /* Poppins-Regular.ttf */ = {isa = PBXFileReference; lastKnownFileType = file; path = "Poppins-Regular.ttf"; sourceTree = "<group>"; };
		3D7D2AB3252972A800313795 /* Poppins-Bold.ttf */ = {isa = PBXFileReference; lastKnownFileType = file; path = "Poppins-Bold.ttf"; sourceTree = "<group>"; };
		3D7D2AB4252972A800313795 /* Poppins-Medium.ttf */ = {isa = PBXFileReference; lastKnownFileType = file; path = "Poppins-Medium.ttf"; sourceTree = "<group>"; };
		3D7D2AB5252972A900313795 /* Poppins-Light.ttf */ = {isa = PBXFileReference; lastKnownFileType = file; path = "Poppins-Light.ttf"; sourceTree = "<group>"; };
		3D7D2AB6252972AA00313795 /* Poppins-Black.ttf */ = {isa = PBXFileReference; lastKnownFileType = file; path = "Poppins-Black.ttf"; sourceTree = "<group>"; };
		3D8B773125382E390076805E /* ProfileModel.swift */ = {isa = PBXFileReference; lastKnownFileType = sourcecode.swift; path = ProfileModel.swift; sourceTree = "<group>"; };
		3D96B1722511CB46006A3F1D /* Platform.swift */ = {isa = PBXFileReference; lastKnownFileType = sourcecode.swift; path = Platform.swift; sourceTree = "<group>"; };
		3D96B1742511CC5B006A3F1D /* GameResults.swift */ = {isa = PBXFileReference; lastKnownFileType = sourcecode.swift; path = GameResults.swift; sourceTree = "<group>"; };
		3D96B1762511D843006A3F1D /* Platforms.swift */ = {isa = PBXFileReference; lastKnownFileType = sourcecode.swift; path = Platforms.swift; sourceTree = "<group>"; };
		3DAEDB7E252C8C7B00DFAF14 /* GameDetail.swift */ = {isa = PBXFileReference; lastKnownFileType = sourcecode.swift; path = GameDetail.swift; sourceTree = "<group>"; };
		3DAEDB80252C8D2D00DFAF14 /* Publisher.swift */ = {isa = PBXFileReference; lastKnownFileType = sourcecode.swift; path = Publisher.swift; sourceTree = "<group>"; };
		3DD8BA3B252DD453001754C0 /* Endpoints.swift */ = {isa = PBXFileReference; lastKnownFileType = sourcecode.swift; path = Endpoints.swift; sourceTree = "<group>"; };
		3DD8BA3D252DFFB9001754C0 /* Formatter.swift */ = {isa = PBXFileReference; lastKnownFileType = sourcecode.swift; path = Formatter.swift; sourceTree = "<group>"; };
		3DD8EC15253ACE9C00BBE509 /* FavoritesViewController.swift */ = {isa = PBXFileReference; lastKnownFileType = sourcecode.swift; path = FavoritesViewController.swift; sourceTree = "<group>"; };
		3DD8EC1B253AD88B00BBE509 /* UserFavorites.xcdatamodel */ = {isa = PBXFileReference; lastKnownFileType = wrapper.xcdatamodel; path = UserFavorites.xcdatamodel; sourceTree = "<group>"; };
		3DD8EC1D253AEFA200BBE509 /* FavoriteModel.swift */ = {isa = PBXFileReference; lastKnownFileType = sourcecode.swift; path = FavoriteModel.swift; sourceTree = "<group>"; };
		3DD8EC1F253AF04500BBE509 /* FavoriteProvider.swift */ = {isa = PBXFileReference; lastKnownFileType = sourcecode.swift; path = FavoriteProvider.swift; sourceTree = "<group>"; };
		3DDCDC1024D57B790020AB8E /* GameTableViewCell.swift */ = {isa = PBXFileReference; lastKnownFileType = sourcecode.swift; path = GameTableViewCell.swift; sourceTree = "<group>"; };
		3DDCDC1124D57B790020AB8E /* GameTableViewCell.xib */ = {isa = PBXFileReference; lastKnownFileType = file.xib; path = GameTableViewCell.xib; sourceTree = "<group>"; };
		3DF8FD5124D5661C00E64116 /* GameFeed.app */ = {isa = PBXFileReference; explicitFileType = wrapper.application; includeInIndex = 0; path = GameFeed.app; sourceTree = BUILT_PRODUCTS_DIR; };
		3DF8FD5424D5661C00E64116 /* AppDelegate.swift */ = {isa = PBXFileReference; lastKnownFileType = sourcecode.swift; path = AppDelegate.swift; sourceTree = "<group>"; };
		3DF8FD5624D5661C00E64116 /* SceneDelegate.swift */ = {isa = PBXFileReference; lastKnownFileType = sourcecode.swift; path = SceneDelegate.swift; sourceTree = "<group>"; };
		3DF8FD5824D5661C00E64116 /* ViewController.swift */ = {isa = PBXFileReference; lastKnownFileType = sourcecode.swift; path = ViewController.swift; sourceTree = "<group>"; wrapsLines = 0; };
		3DF8FD5B24D5661C00E64116 /* Base */ = {isa = PBXFileReference; lastKnownFileType = file.storyboard; name = Base; path = Base.lproj/Main.storyboard; sourceTree = "<group>"; };
		3DF8FD5D24D5662200E64116 /* Assets.xcassets */ = {isa = PBXFileReference; lastKnownFileType = folder.assetcatalog; path = Assets.xcassets; sourceTree = "<group>"; };
		3DF8FD6024D5662200E64116 /* Base */ = {isa = PBXFileReference; lastKnownFileType = file.storyboard; name = Base; path = Base.lproj/LaunchScreen.storyboard; sourceTree = "<group>"; };
		3DF8FD6224D5662200E64116 /* Info.plist */ = {isa = PBXFileReference; lastKnownFileType = text.plist.xml; path = Info.plist; sourceTree = "<group>"; };
/* End PBXFileReference section */

/* Begin PBXFrameworksBuildPhase section */
		3D1ADDB426E1C94F00614DF8 /* Frameworks */ = {
			isa = PBXFrameworksBuildPhase;
			buildActionMask = 2147483647;
			files = (
			);
			runOnlyForDeploymentPostprocessing = 0;
		};
		3DF8FD4E24D5661C00E64116 /* Frameworks */ = {
			isa = PBXFrameworksBuildPhase;
			buildActionMask = 2147483647;
			files = (
			);
			runOnlyForDeploymentPostprocessing = 0;
		};
/* End PBXFrameworksBuildPhase section */

/* Begin PBXGroup section */
		3D1ADDB826E1C94F00614DF8 /* GameFeedTests */ = {
			isa = PBXGroup;
			children = (
				3D1ADDBB26E1C94F00614DF8 /* Info.plist */,
				3D62420D270AAD9000C23356 /* LoadGameFromRemoteUseCaseTests.swift */,
				3D62420F270AB0A700C23356 /* EndpointTests.swift */,
			);
			path = GameFeedTests;
			sourceTree = "<group>";
		};
		3D67694A25370A1B00A83779 /* Cell */ = {
			isa = PBXGroup;
			children = (
				3DDCDC1124D57B790020AB8E /* GameTableViewCell.xib */,
			);
			path = Cell;
			sourceTree = "<group>";
		};
		3D75A4962510AC750075C816 /* RAWG Client */ = {
			isa = PBXGroup;
			children = (
				3DD8BA3B252DD453001754C0 /* Endpoints.swift */,
				3D75A4992510AE3C0075C816 /* RAWGClient.swift */,
				3D8B773125382E390076805E /* ProfileModel.swift */,
				3DD8EC1A253AD88B00BBE509 /* UserFavorites.xcdatamodeld */,
				3DD8EC1D253AEFA200BBE509 /* FavoriteModel.swift */,
				3DD8EC1F253AF04500BBE509 /* FavoriteProvider.swift */,
			);
			path = "RAWG Client";
			sourceTree = "<group>";
		};
		3D75A4972510AC810075C816 /* RAWG Responses */ = {
			isa = PBXGroup;
			children = (
				3D96B1742511CC5B006A3F1D /* GameResults.swift */,
				3D19822824D792CE00E3AD85 /* Game.swift */,
				3DAEDB7E252C8C7B00DFAF14 /* GameDetail.swift */,
				3DAEDB80252C8D2D00DFAF14 /* Publisher.swift */,
				3D96B1722511CB46006A3F1D /* Platform.swift */,
				3D96B1762511D843006A3F1D /* Platforms.swift */,
				3D4633B62514544700AF1A70 /* Genre.swift */,
				3DD8BA3D252DFFB9001754C0 /* Formatter.swift */,
			);
			path = "RAWG Responses";
			sourceTree = "<group>";
		};
		3D7D2A8325296DB100313795 /* Fonts */ = {
			isa = PBXGroup;
			children = (
				3D7D2AB6252972AA00313795 /* Poppins-Black.ttf */,
				3D7D2AB3252972A800313795 /* Poppins-Bold.ttf */,
				3D7D2AB5252972A900313795 /* Poppins-Light.ttf */,
				3D7D2AB4252972A800313795 /* Poppins-Medium.ttf */,
				3D7D2AAE252972A100313795 /* Poppins-Regular.ttf */,
			);
			path = Fonts;
			sourceTree = "<group>";
		};
		3DF8FD4824D5661C00E64116 = {
			isa = PBXGroup;
			children = (
				3DF8FD5324D5661C00E64116 /* GameFeed */,
				3D1ADDB826E1C94F00614DF8 /* GameFeedTests */,
				3DF8FD5224D5661C00E64116 /* Products */,
			);
			sourceTree = "<group>";
		};
		3DF8FD5224D5661C00E64116 /* Products */ = {
			isa = PBXGroup;
			children = (
				3DF8FD5124D5661C00E64116 /* GameFeed.app */,
				3D1ADDB726E1C94F00614DF8 /* GameFeedTests.xctest */,
			);
			name = Products;
			sourceTree = "<group>";
		};
		3DF8FD5324D5661C00E64116 /* GameFeed */ = {
			isa = PBXGroup;
			children = (
				3DF8FD8524D568EA00E64116 /* Model */,
				3DF8FD8424D568E300E64116 /* View */,
				3DF8FD8624D568F300E64116 /* Controller */,
				3DF8FD8724D5690600E64116 /* Base */,
				3D7D2A8325296DB100313795 /* Fonts */,
				3DF8FD5D24D5662200E64116 /* Assets.xcassets */,
				3DF8FD6224D5662200E64116 /* Info.plist */,
			);
			path = GameFeed;
			sourceTree = "<group>";
		};
		3DF8FD8424D568E300E64116 /* View */ = {
			isa = PBXGroup;
			children = (
				3D67694A25370A1B00A83779 /* Cell */,
				3DF8FD5F24D5662200E64116 /* LaunchScreen.storyboard */,
				3DF8FD5A24D5661C00E64116 /* Main.storyboard */,
			);
			path = View;
			sourceTree = "<group>";
		};
		3DF8FD8524D568EA00E64116 /* Model */ = {
			isa = PBXGroup;
			children = (
				3D75A4962510AC750075C816 /* RAWG Client */,
				3D75A4972510AC810075C816 /* RAWG Responses */,
			);
			path = Model;
			sourceTree = "<group>";
		};
		3DF8FD8624D568F300E64116 /* Controller */ = {
			isa = PBXGroup;
			children = (
				3D55B3A92532C4D70072AFC3 /* UIView+RoundCorners.swift */,
				3DDCDC1024D57B790020AB8E /* GameTableViewCell.swift */,
				3DF8FD5824D5661C00E64116 /* ViewController.swift */,
				3D19823424D7F6B000E3AD85 /* DetailGameViewController.swift */,
				3D66CE2D24D8F40200E90636 /* MyProfileViewController.swift */,
				3D66CE2F24D8F42300E90636 /* SearchGameViewController.swift */,
				3D66CE3124D8F43700E90636 /* NewGameViewController.swift */,
				3D23BA7A2539E8EE0064B284 /* UpdateViewController.swift */,
				3DD8EC15253ACE9C00BBE509 /* FavoritesViewController.swift */,
			);
			path = Controller;
			sourceTree = "<group>";
		};
		3DF8FD8724D5690600E64116 /* Base */ = {
			isa = PBXGroup;
			children = (
				3DF8FD5424D5661C00E64116 /* AppDelegate.swift */,
				3DF8FD5624D5661C00E64116 /* SceneDelegate.swift */,
			);
			path = Base;
			sourceTree = "<group>";
		};
/* End PBXGroup section */

/* Begin PBXNativeTarget section */
		3D1ADDB626E1C94F00614DF8 /* GameFeedTests */ = {
			isa = PBXNativeTarget;
			buildConfigurationList = 3D1ADDBE26E1C94F00614DF8 /* Build configuration list for PBXNativeTarget "GameFeedTests" */;
			buildPhases = (
				3D1ADDB326E1C94F00614DF8 /* Sources */,
				3D1ADDB426E1C94F00614DF8 /* Frameworks */,
				3D1ADDB526E1C94F00614DF8 /* Resources */,
			);
			buildRules = (
			);
			dependencies = (
				3D1ADDBD26E1C94F00614DF8 /* PBXTargetDependency */,
			);
			name = GameFeedTests;
			productName = "Game Feed Tests";
			productReference = 3D1ADDB726E1C94F00614DF8 /* GameFeedTests.xctest */;
			productType = "com.apple.product-type.bundle.unit-test";
		};
		3DF8FD5024D5661C00E64116 /* GameFeed */ = {
			isa = PBXNativeTarget;
			buildConfigurationList = 3DF8FD7B24D5662200E64116 /* Build configuration list for PBXNativeTarget "GameFeed" */;
			buildPhases = (
				3DF8FD4D24D5661C00E64116 /* Sources */,
				3DF8FD4E24D5661C00E64116 /* Frameworks */,
				3DF8FD4F24D5661C00E64116 /* Resources */,
				3D98573225433D31000646E7 /* ShellScript */,
			);
			buildRules = (
			);
			dependencies = (
			);
			name = GameFeed;
			productName = "Game Feed";
			productReference = 3DF8FD5124D5661C00E64116 /* GameFeed.app */;
			productType = "com.apple.product-type.application";
		};
/* End PBXNativeTarget section */

/* Begin PBXProject section */
		3DF8FD4924D5661C00E64116 /* Project object */ = {
			isa = PBXProject;
			attributes = {
				LastSwiftUpdateCheck = 1250;
				LastUpgradeCheck = 1250;
				ORGANIZATIONNAME = "Dicoding Indonesia";
				TargetAttributes = {
					3D1ADDB626E1C94F00614DF8 = {
						CreatedOnToolsVersion = 12.5.1;
						LastSwiftMigration = 1250;
						TestTargetID = 3DF8FD5024D5661C00E64116;
					};
					3DF8FD5024D5661C00E64116 = {
						CreatedOnToolsVersion = 11.5;
					};
				};
			};
			buildConfigurationList = 3DF8FD4C24D5661C00E64116 /* Build configuration list for PBXProject "GameFeed" */;
			compatibilityVersion = "Xcode 9.3";
			developmentRegion = en;
			hasScannedForEncodings = 0;
			knownRegions = (
				en,
				Base,
			);
			mainGroup = 3DF8FD4824D5661C00E64116;
			productRefGroup = 3DF8FD5224D5661C00E64116 /* Products */;
			projectDirPath = "";
			projectRoot = "";
			targets = (
				3DF8FD5024D5661C00E64116 /* GameFeed */,
				3D1ADDB626E1C94F00614DF8 /* GameFeedTests */,
			);
		};
/* End PBXProject section */

/* Begin PBXResourcesBuildPhase section */
		3D1ADDB526E1C94F00614DF8 /* Resources */ = {
			isa = PBXResourcesBuildPhase;
			buildActionMask = 2147483647;
			files = (
			);
			runOnlyForDeploymentPostprocessing = 0;
		};
		3DF8FD4F24D5661C00E64116 /* Resources */ = {
			isa = PBXResourcesBuildPhase;
			buildActionMask = 2147483647;
			files = (
				3DF8FD6124D5662200E64116 /* LaunchScreen.storyboard in Resources */,
				3D7D2AC7252972AC00313795 /* Poppins-Light.ttf in Resources */,
				3D7D2AC5252972AC00313795 /* Poppins-Bold.ttf in Resources */,
				3D7D2AC8252972AC00313795 /* Poppins-Black.ttf in Resources */,
				3D7D2AC6252972AC00313795 /* Poppins-Medium.ttf in Resources */,
				3DF8FD5E24D5662200E64116 /* Assets.xcassets in Resources */,
				3DF8FD5C24D5661C00E64116 /* Main.storyboard in Resources */,
				3DDCDC1324D57B790020AB8E /* GameTableViewCell.xib in Resources */,
				3D7D2AC0252972AC00313795 /* Poppins-Regular.ttf in Resources */,
			);
			runOnlyForDeploymentPostprocessing = 0;
		};
/* End PBXResourcesBuildPhase section */

/* Begin PBXShellScriptBuildPhase section */
		3D98573225433D31000646E7 /* ShellScript */ = {
			isa = PBXShellScriptBuildPhase;
			buildActionMask = 2147483647;
			files = (
			);
			inputFileListPaths = (
			);
			inputPaths = (
			);
			outputFileListPaths = (
			);
			outputPaths = (
			);
			runOnlyForDeploymentPostprocessing = 0;
			shellPath = /bin/sh;
			shellScript = "
";
		};
/* End PBXShellScriptBuildPhase section */

/* Begin PBXSourcesBuildPhase section */
		3D1ADDB326E1C94F00614DF8 /* Sources */ = {
			isa = PBXSourcesBuildPhase;
			buildActionMask = 2147483647;
			files = (
				3D624210270AB0A700C23356 /* EndpointTests.swift in Sources */,
				3D62420E270AAD9000C23356 /* LoadGameFromRemoteUseCaseTests.swift in Sources */,
			);
			runOnlyForDeploymentPostprocessing = 0;
		};
		3DF8FD4D24D5661C00E64116 /* Sources */ = {
			isa = PBXSourcesBuildPhase;
			buildActionMask = 2147483647;
			files = (
				3DAEDB81252C8D2D00DFAF14 /* Publisher.swift in Sources */,
				3D96B1732511CB46006A3F1D /* Platform.swift in Sources */,
				3D75A49A2510AE3C0075C816 /* RAWGClient.swift in Sources */,
				3DAEDB7F252C8C7B00DFAF14 /* GameDetail.swift in Sources */,
				3DF8FD5924D5661C00E64116 /* ViewController.swift in Sources */,
				3D19822924D792CE00E3AD85 /* Game.swift in Sources */,
				3DD8BA3C252DD453001754C0 /* Endpoints.swift in Sources */,
				3D55B3AA2532C4D70072AFC3 /* UIView+RoundCorners.swift in Sources */,
				3D4633B72514544700AF1A70 /* Genre.swift in Sources */,
				3DD8EC20253AF04500BBE509 /* FavoriteProvider.swift in Sources */,
				3DF8FD5524D5661C00E64116 /* AppDelegate.swift in Sources */,
				3D23BA7B2539E8EE0064B284 /* UpdateViewController.swift in Sources */,
				3DF8FD5724D5661C00E64116 /* SceneDelegate.swift in Sources */,
				3DD8BA3E252DFFB9001754C0 /* Formatter.swift in Sources */,
				3D96B1772511D843006A3F1D /* Platforms.swift in Sources */,
				3D19823524D7F6B000E3AD85 /* DetailGameViewController.swift in Sources */,
				3D8B773225382E390076805E /* ProfileModel.swift in Sources */,
				3D66CE2E24D8F40200E90636 /* MyProfileViewController.swift in Sources */,
				3D66CE3224D8F43700E90636 /* NewGameViewController.swift in Sources */,
				3DDCDC1224D57B790020AB8E /* GameTableViewCell.swift in Sources */,
				3DD8EC1C253AD88B00BBE509 /* UserFavorites.xcdatamodeld in Sources */,
				3DD8EC1E253AEFA200BBE509 /* FavoriteModel.swift in Sources */,
				3DD8EC16253ACE9C00BBE509 /* FavoritesViewController.swift in Sources */,
				3D66CE3024D8F42300E90636 /* SearchGameViewController.swift in Sources */,
				3D96B1752511CC5B006A3F1D /* GameResults.swift in Sources */,
			);
			runOnlyForDeploymentPostprocessing = 0;
		};
/* End PBXSourcesBuildPhase section */

/* Begin PBXTargetDependency section */
		3D1ADDBD26E1C94F00614DF8 /* PBXTargetDependency */ = {
			isa = PBXTargetDependency;
			target = 3DF8FD5024D5661C00E64116 /* GameFeed */;
			targetProxy = 3D1ADDBC26E1C94F00614DF8 /* PBXContainerItemProxy */;
		};
/* End PBXTargetDependency section */

/* Begin PBXVariantGroup section */
		3DF8FD5A24D5661C00E64116 /* Main.storyboard */ = {
			isa = PBXVariantGroup;
			children = (
				3DF8FD5B24D5661C00E64116 /* Base */,
			);
			name = Main.storyboard;
			sourceTree = "<group>";
		};
		3DF8FD5F24D5662200E64116 /* LaunchScreen.storyboard */ = {
			isa = PBXVariantGroup;
			children = (
				3DF8FD6024D5662200E64116 /* Base */,
			);
			name = LaunchScreen.storyboard;
			sourceTree = "<group>";
		};
/* End PBXVariantGroup section */

/* Begin XCBuildConfiguration section */
		3D1ADDBF26E1C94F00614DF8 /* Debug */ = {
			isa = XCBuildConfiguration;
			buildSettings = {
				BUNDLE_LOADER = "$(TEST_HOST)";
				CLANG_ENABLE_MODULES = YES;
				CODE_SIGN_STYLE = Automatic;
				DEVELOPMENT_TEAM = 7DZF29DD8P;
				INFOPLIST_FILE = GameFeedTests/Info.plist;
				IPHONEOS_DEPLOYMENT_TARGET = 14.5;
				LD_RUNPATH_SEARCH_PATHS = (
					"$(inherited)",
					"@executable_path/Frameworks",
					"@loader_path/Frameworks",
				);
				PRODUCT_BUNDLE_IDENTIFIER = com.nazaralwi.GameFeedTests;
				PRODUCT_NAME = "$(TARGET_NAME)";
				SWIFT_OPTIMIZATION_LEVEL = "-Onone";
				SWIFT_VERSION = 5.0;
				TARGETED_DEVICE_FAMILY = "1,2";
				TEST_HOST = "$(BUILT_PRODUCTS_DIR)/GameFeed.app/GameFeed";
			};
			name = Debug;
		};
		3D1ADDC026E1C94F00614DF8 /* Release */ = {
			isa = XCBuildConfiguration;
			buildSettings = {
				BUNDLE_LOADER = "$(TEST_HOST)";
				CLANG_ENABLE_MODULES = YES;
				CODE_SIGN_STYLE = Automatic;
				DEVELOPMENT_TEAM = 7DZF29DD8P;
				INFOPLIST_FILE = GameFeedTests/Info.plist;
				IPHONEOS_DEPLOYMENT_TARGET = 14.5;
				LD_RUNPATH_SEARCH_PATHS = (
					"$(inherited)",
					"@executable_path/Frameworks",
					"@loader_path/Frameworks",
				);
				PRODUCT_BUNDLE_IDENTIFIER = com.nazaralwi.GameFeedTests;
				PRODUCT_NAME = "$(TARGET_NAME)";
				SWIFT_VERSION = 5.0;
				TARGETED_DEVICE_FAMILY = "1,2";
				TEST_HOST = "$(BUILT_PRODUCTS_DIR)/GameFeed.app/GameFeed";
			};
			name = Release;
		};
		3DF8FD7924D5662200E64116 /* Debug */ = {
			isa = XCBuildConfiguration;
			buildSettings = {
				ALWAYS_SEARCH_USER_PATHS = NO;
				CLANG_ANALYZER_NONNULL = YES;
				CLANG_ANALYZER_NUMBER_OBJECT_CONVERSION = YES_AGGRESSIVE;
				CLANG_CXX_LANGUAGE_STANDARD = "gnu++14";
				CLANG_CXX_LIBRARY = "libc++";
				CLANG_ENABLE_MODULES = YES;
				CLANG_ENABLE_OBJC_ARC = YES;
				CLANG_ENABLE_OBJC_WEAK = YES;
				CLANG_WARN_BLOCK_CAPTURE_AUTORELEASING = YES;
				CLANG_WARN_BOOL_CONVERSION = YES;
				CLANG_WARN_COMMA = YES;
				CLANG_WARN_CONSTANT_CONVERSION = YES;
				CLANG_WARN_DEPRECATED_OBJC_IMPLEMENTATIONS = YES;
				CLANG_WARN_DIRECT_OBJC_ISA_USAGE = YES_ERROR;
				CLANG_WARN_DOCUMENTATION_COMMENTS = YES;
				CLANG_WARN_EMPTY_BODY = YES;
				CLANG_WARN_ENUM_CONVERSION = YES;
				CLANG_WARN_INFINITE_RECURSION = YES;
				CLANG_WARN_INT_CONVERSION = YES;
				CLANG_WARN_NON_LITERAL_NULL_CONVERSION = YES;
				CLANG_WARN_OBJC_IMPLICIT_RETAIN_SELF = YES;
				CLANG_WARN_OBJC_LITERAL_CONVERSION = YES;
				CLANG_WARN_OBJC_ROOT_CLASS = YES_ERROR;
				CLANG_WARN_QUOTED_INCLUDE_IN_FRAMEWORK_HEADER = YES;
				CLANG_WARN_RANGE_LOOP_ANALYSIS = YES;
				CLANG_WARN_STRICT_PROTOTYPES = YES;
				CLANG_WARN_SUSPICIOUS_MOVE = YES;
				CLANG_WARN_UNGUARDED_AVAILABILITY = YES_AGGRESSIVE;
				CLANG_WARN_UNREACHABLE_CODE = YES;
				CLANG_WARN__DUPLICATE_METHOD_MATCH = YES;
				COPY_PHASE_STRIP = NO;
				DEBUG_INFORMATION_FORMAT = dwarf;
				ENABLE_STRICT_OBJC_MSGSEND = YES;
				ENABLE_TESTABILITY = YES;
				GCC_C_LANGUAGE_STANDARD = gnu11;
				GCC_DYNAMIC_NO_PIC = NO;
				GCC_NO_COMMON_BLOCKS = YES;
				GCC_OPTIMIZATION_LEVEL = 0;
				GCC_PREPROCESSOR_DEFINITIONS = (
					"DEBUG=1",
					"$(inherited)",
				);
				GCC_WARN_64_TO_32_BIT_CONVERSION = YES;
				GCC_WARN_ABOUT_RETURN_TYPE = YES_ERROR;
				GCC_WARN_UNDECLARED_SELECTOR = YES;
				GCC_WARN_UNINITIALIZED_AUTOS = YES_AGGRESSIVE;
				GCC_WARN_UNUSED_FUNCTION = YES;
				GCC_WARN_UNUSED_VARIABLE = YES;
				IPHONEOS_DEPLOYMENT_TARGET = 13.5;
				MTL_ENABLE_DEBUG_INFO = INCLUDE_SOURCE;
				MTL_FAST_MATH = YES;
				ONLY_ACTIVE_ARCH = YES;
				SDKROOT = iphoneos;
				SWIFT_ACTIVE_COMPILATION_CONDITIONS = DEBUG;
				SWIFT_OPTIMIZATION_LEVEL = "-Onone";
			};
			name = Debug;
		};
		3DF8FD7A24D5662200E64116 /* Release */ = {
			isa = XCBuildConfiguration;
			buildSettings = {
				ALWAYS_SEARCH_USER_PATHS = NO;
				CLANG_ANALYZER_NONNULL = YES;
				CLANG_ANALYZER_NUMBER_OBJECT_CONVERSION = YES_AGGRESSIVE;
				CLANG_CXX_LANGUAGE_STANDARD = "gnu++14";
				CLANG_CXX_LIBRARY = "libc++";
				CLANG_ENABLE_MODULES = YES;
				CLANG_ENABLE_OBJC_ARC = YES;
				CLANG_ENABLE_OBJC_WEAK = YES;
				CLANG_WARN_BLOCK_CAPTURE_AUTORELEASING = YES;
				CLANG_WARN_BOOL_CONVERSION = YES;
				CLANG_WARN_COMMA = YES;
				CLANG_WARN_CONSTANT_CONVERSION = YES;
				CLANG_WARN_DEPRECATED_OBJC_IMPLEMENTATIONS = YES;
				CLANG_WARN_DIRECT_OBJC_ISA_USAGE = YES_ERROR;
				CLANG_WARN_DOCUMENTATION_COMMENTS = YES;
				CLANG_WARN_EMPTY_BODY = YES;
				CLANG_WARN_ENUM_CONVERSION = YES;
				CLANG_WARN_INFINITE_RECURSION = YES;
				CLANG_WARN_INT_CONVERSION = YES;
				CLANG_WARN_NON_LITERAL_NULL_CONVERSION = YES;
				CLANG_WARN_OBJC_IMPLICIT_RETAIN_SELF = YES;
				CLANG_WARN_OBJC_LITERAL_CONVERSION = YES;
				CLANG_WARN_OBJC_ROOT_CLASS = YES_ERROR;
				CLANG_WARN_QUOTED_INCLUDE_IN_FRAMEWORK_HEADER = YES;
				CLANG_WARN_RANGE_LOOP_ANALYSIS = YES;
				CLANG_WARN_STRICT_PROTOTYPES = YES;
				CLANG_WARN_SUSPICIOUS_MOVE = YES;
				CLANG_WARN_UNGUARDED_AVAILABILITY = YES_AGGRESSIVE;
				CLANG_WARN_UNREACHABLE_CODE = YES;
				CLANG_WARN__DUPLICATE_METHOD_MATCH = YES;
				COPY_PHASE_STRIP = NO;
				DEBUG_INFORMATION_FORMAT = "dwarf-with-dsym";
				ENABLE_NS_ASSERTIONS = NO;
				ENABLE_STRICT_OBJC_MSGSEND = YES;
				GCC_C_LANGUAGE_STANDARD = gnu11;
				GCC_NO_COMMON_BLOCKS = YES;
				GCC_WARN_64_TO_32_BIT_CONVERSION = YES;
				GCC_WARN_ABOUT_RETURN_TYPE = YES_ERROR;
				GCC_WARN_UNDECLARED_SELECTOR = YES;
				GCC_WARN_UNINITIALIZED_AUTOS = YES_AGGRESSIVE;
				GCC_WARN_UNUSED_FUNCTION = YES;
				GCC_WARN_UNUSED_VARIABLE = YES;
				IPHONEOS_DEPLOYMENT_TARGET = 13.5;
				MTL_ENABLE_DEBUG_INFO = NO;
				MTL_FAST_MATH = YES;
				SDKROOT = iphoneos;
				SWIFT_COMPILATION_MODE = wholemodule;
				SWIFT_OPTIMIZATION_LEVEL = "-O";
				VALIDATE_PRODUCT = YES;
			};
			name = Release;
		};
		3DF8FD7C24D5662200E64116 /* Debug */ = {
			isa = XCBuildConfiguration;
			buildSettings = {
				ASSETCATALOG_COMPILER_APPICON_NAME = AppIcon;
				CODE_SIGN_STYLE = Automatic;
				INFOPLIST_FILE = GameFeed/Info.plist;
				LD_RUNPATH_SEARCH_PATHS = (
					"$(inherited)",
					"@executable_path/Frameworks",
				);
				PRODUCT_BUNDLE_IDENTIFIER = com.dicoding.academy.GameFeed;
				PRODUCT_NAME = "$(TARGET_NAME)";
				SWIFT_VERSION = 5.0;
				TARGETED_DEVICE_FAMILY = "1,2";
			};
			name = Debug;
		};
		3DF8FD7D24D5662200E64116 /* Release */ = {
			isa = XCBuildConfiguration;
			buildSettings = {
				ASSETCATALOG_COMPILER_APPICON_NAME = AppIcon;
				CODE_SIGN_STYLE = Automatic;
				INFOPLIST_FILE = GameFeed/Info.plist;
				LD_RUNPATH_SEARCH_PATHS = (
					"$(inherited)",
					"@executable_path/Frameworks",
				);
				PRODUCT_BUNDLE_IDENTIFIER = com.dicoding.academy.GameFeed;
				PRODUCT_NAME = "$(TARGET_NAME)";
				SWIFT_VERSION = 5.0;
				TARGETED_DEVICE_FAMILY = "1,2";
			};
			name = Release;
		};
/* End XCBuildConfiguration section */

/* Begin XCConfigurationList section */
		3D1ADDBE26E1C94F00614DF8 /* Build configuration list for PBXNativeTarget "GameFeedTests" */ = {
			isa = XCConfigurationList;
			buildConfigurations = (
				3D1ADDBF26E1C94F00614DF8 /* Debug */,
				3D1ADDC026E1C94F00614DF8 /* Release */,
			);
			defaultConfigurationIsVisible = 0;
			defaultConfigurationName = Release;
		};
		3DF8FD4C24D5661C00E64116 /* Build configuration list for PBXProject "GameFeed" */ = {
			isa = XCConfigurationList;
			buildConfigurations = (
				3DF8FD7924D5662200E64116 /* Debug */,
				3DF8FD7A24D5662200E64116 /* Release */,
			);
			defaultConfigurationIsVisible = 0;
			defaultConfigurationName = Release;
		};
		3DF8FD7B24D5662200E64116 /* Build configuration list for PBXNativeTarget "GameFeed" */ = {
			isa = XCConfigurationList;
			buildConfigurations = (
				3DF8FD7C24D5662200E64116 /* Debug */,
				3DF8FD7D24D5662200E64116 /* Release */,
			);
			defaultConfigurationIsVisible = 0;
			defaultConfigurationName = Release;
		};
/* End XCConfigurationList section */

/* Begin XCVersionGroup section */
		3DD8EC1A253AD88B00BBE509 /* UserFavorites.xcdatamodeld */ = {
			isa = XCVersionGroup;
			children = (
				3DD8EC1B253AD88B00BBE509 /* UserFavorites.xcdatamodel */,
			);
			currentVersion = 3DD8EC1B253AD88B00BBE509 /* UserFavorites.xcdatamodel */;
			path = UserFavorites.xcdatamodeld;
			sourceTree = "<group>";
			versionGroupType = wrapper.xcdatamodel;
		};
/* End XCVersionGroup section */
	};
	rootObject = 3DF8FD4924D5661C00E64116 /* Project object */;
}
